
Microsoft Visual Studio Solution File, Format Version 12.00
# Visual Studio Version 17
VisualStudioVersion = 17.0.31912.275
MinimumVisualStudioVersion = 10.0.40219.1
Project("{9A19103F-16F7-4668-BE54-9A1E7A4F7556}") = "Core", "Core\Core.csproj", "{48D712E7-7654-4104-89F6-1C1F98DCB407}"
EndProject
Project("{9A19103F-16F7-4668-BE54-9A1E7A4F7556}") = "Core.Tests", "Core.Tests\Core.Tests.csproj", "{C7E727DE-D1A8-4AF4-9FB5-D670F33A70CE}"
EndProject
Project("{9A19103F-16F7-4668-BE54-9A1E7A4F7556}") = "UI", "UI\UI.csproj", "{6FC79263-C506-47B4-A4EC-69F4AC2138A0}"
EndProject
Project("{9A19103F-16F7-4668-BE54-9A1E7A4F7556}") = "Mapping", "XPathMapper\Mapping.csproj", "{CFE42206-927B-4100-976B-B88EBE6A1EDE}"
EndProject
Project("{9A19103F-16F7-4668-BE54-9A1E7A4F7556}") = "Reflection", "Reflection\Reflection.csproj", "{614CA639-CC65-42AE-A531-A3FF784F4BE4}"
EndProject
Project("{9A19103F-16F7-4668-BE54-9A1E7A4F7556}") = "XPath", "XPath\XPath.csproj", "{1DBA56C6-37B3-4320-91CC-77D9FA35E476}"
EndProject
Project("{9A19103F-16F7-4668-BE54-9A1E7A4F7556}") = "XPath.Tests", "XPath.Tests\XPath.Tests.csproj", "{F888748B-8E83-47F6-95DE-999847391AF6}"
EndProject
Project("{9A19103F-16F7-4668-BE54-9A1E7A4F7556}") = "Reflection.Tests", "Reflection.Tests\Reflection.Tests.csproj", "{3EB91448-4502-4E66-9E2A-B8C20D578A00}"
EndProject
Project("{9A19103F-16F7-4668-BE54-9A1E7A4F7556}") = "Network", "Network\Network.csproj", "{5B618CBF-70D1-4F99-AE43-D647D4CC6D88}"
EndProject
Project("{2150E333-8FDC-42A3-9474-1A3956D46DE8}") = "Build", "Build", "{254D3913-D178-4AFB-9EDC-9AE108644D39}"
	ProjectSection(SolutionItems) = preProject
		..\Build\Common.props = ..\Build\Common.props
	EndProjectSection
EndProject
Project("{9A19103F-16F7-4668-BE54-9A1E7A4F7556}") = "SftpFileSystem.Tests", "SftpFileSystem.Tests\SftpFileSystem.Tests.csproj", "{A9D9BDD2-522D-4549-916F-7205E42A0D95}"
EndProject
Project("{9A19103F-16F7-4668-BE54-9A1E7A4F7556}") = "FileSystem.Tests", "FileSystem.Tests\FileSystem.Tests.csproj", "{D449961B-516C-4D47-80DE-53BFEAFAAA1E}"
EndProject
Project("{9A19103F-16F7-4668-BE54-9A1E7A4F7556}") = "FileSystem", "FileSystem\FileSystem.csproj", "{F8BB04FB-6B2C-4409-9BA4-6C8076BE8D6C}"
EndProject
Project("{9A19103F-16F7-4668-BE54-9A1E7A4F7556}") = "SftpFileSystem", "SftpFileSystem\SftpFileSystem.csproj", "{3121909B-4C8D-4670-B36B-8B68FB127615}"
EndProject
Global
	GlobalSection(SolutionConfigurationPlatforms) = preSolution
		Analysis|Any CPU = Analysis|Any CPU
		Analysis|ARM = Analysis|ARM
		Analysis|ARM64 = Analysis|ARM64
		Analysis|x64 = Analysis|x64
		Analysis|x86 = Analysis|x86
		Debug|Any CPU = Debug|Any CPU
		Debug|ARM = Debug|ARM
		Debug|ARM64 = Debug|ARM64
		Debug|x64 = Debug|x64
		Debug|x86 = Debug|x86
		Release|Any CPU = Release|Any CPU
		Release|ARM = Release|ARM
		Release|ARM64 = Release|ARM64
		Release|x64 = Release|x64
		Release|x86 = Release|x86
	EndGlobalSection
	GlobalSection(ProjectConfigurationPlatforms) = postSolution
		{48D712E7-7654-4104-89F6-1C1F98DCB407}.Analysis|Any CPU.ActiveCfg = Release|Any CPU
		{48D712E7-7654-4104-89F6-1C1F98DCB407}.Analysis|Any CPU.Build.0 = Release|Any CPU
		{48D712E7-7654-4104-89F6-1C1F98DCB407}.Analysis|ARM.ActiveCfg = Release|Any CPU
		{48D712E7-7654-4104-89F6-1C1F98DCB407}.Analysis|ARM.Build.0 = Release|Any CPU
		{48D712E7-7654-4104-89F6-1C1F98DCB407}.Analysis|ARM64.ActiveCfg = Release|Any CPU
		{48D712E7-7654-4104-89F6-1C1F98DCB407}.Analysis|ARM64.Build.0 = Release|Any CPU
		{48D712E7-7654-4104-89F6-1C1F98DCB407}.Analysis|x64.ActiveCfg = Release|Any CPU
		{48D712E7-7654-4104-89F6-1C1F98DCB407}.Analysis|x64.Build.0 = Release|Any CPU
		{48D712E7-7654-4104-89F6-1C1F98DCB407}.Analysis|x86.ActiveCfg = Release|Any CPU
		{48D712E7-7654-4104-89F6-1C1F98DCB407}.Analysis|x86.Build.0 = Release|Any CPU
		{48D712E7-7654-4104-89F6-1C1F98DCB407}.Debug|Any CPU.ActiveCfg = Debug|Any CPU
		{48D712E7-7654-4104-89F6-1C1F98DCB407}.Debug|Any CPU.Build.0 = Debug|Any CPU
		{48D712E7-7654-4104-89F6-1C1F98DCB407}.Debug|ARM.ActiveCfg = Debug|Any CPU
		{48D712E7-7654-4104-89F6-1C1F98DCB407}.Debug|ARM.Build.0 = Debug|Any CPU
		{48D712E7-7654-4104-89F6-1C1F98DCB407}.Debug|ARM64.ActiveCfg = Debug|Any CPU
		{48D712E7-7654-4104-89F6-1C1F98DCB407}.Debug|ARM64.Build.0 = Debug|Any CPU
		{48D712E7-7654-4104-89F6-1C1F98DCB407}.Debug|x64.ActiveCfg = Debug|Any CPU
		{48D712E7-7654-4104-89F6-1C1F98DCB407}.Debug|x64.Build.0 = Debug|Any CPU
		{48D712E7-7654-4104-89F6-1C1F98DCB407}.Debug|x86.ActiveCfg = Debug|Any CPU
		{48D712E7-7654-4104-89F6-1C1F98DCB407}.Debug|x86.Build.0 = Debug|Any CPU
		{48D712E7-7654-4104-89F6-1C1F98DCB407}.Release|Any CPU.ActiveCfg = Release|Any CPU
		{48D712E7-7654-4104-89F6-1C1F98DCB407}.Release|Any CPU.Build.0 = Release|Any CPU
		{48D712E7-7654-4104-89F6-1C1F98DCB407}.Release|ARM.ActiveCfg = Release|Any CPU
		{48D712E7-7654-4104-89F6-1C1F98DCB407}.Release|ARM.Build.0 = Release|Any CPU
		{48D712E7-7654-4104-89F6-1C1F98DCB407}.Release|ARM64.ActiveCfg = Release|Any CPU
		{48D712E7-7654-4104-89F6-1C1F98DCB407}.Release|ARM64.Build.0 = Release|Any CPU
		{48D712E7-7654-4104-89F6-1C1F98DCB407}.Release|x64.ActiveCfg = Release|Any CPU
		{48D712E7-7654-4104-89F6-1C1F98DCB407}.Release|x64.Build.0 = Release|Any CPU
		{48D712E7-7654-4104-89F6-1C1F98DCB407}.Release|x86.ActiveCfg = Release|Any CPU
		{48D712E7-7654-4104-89F6-1C1F98DCB407}.Release|x86.Build.0 = Release|Any CPU
		{C7E727DE-D1A8-4AF4-9FB5-D670F33A70CE}.Analysis|Any CPU.ActiveCfg = Debug|Any CPU
		{C7E727DE-D1A8-4AF4-9FB5-D670F33A70CE}.Analysis|Any CPU.Build.0 = Debug|Any CPU
		{C7E727DE-D1A8-4AF4-9FB5-D670F33A70CE}.Analysis|ARM.ActiveCfg = Debug|Any CPU
		{C7E727DE-D1A8-4AF4-9FB5-D670F33A70CE}.Analysis|ARM.Build.0 = Debug|Any CPU
		{C7E727DE-D1A8-4AF4-9FB5-D670F33A70CE}.Analysis|ARM64.ActiveCfg = Debug|Any CPU
		{C7E727DE-D1A8-4AF4-9FB5-D670F33A70CE}.Analysis|ARM64.Build.0 = Debug|Any CPU
		{C7E727DE-D1A8-4AF4-9FB5-D670F33A70CE}.Analysis|x64.ActiveCfg = Debug|Any CPU
		{C7E727DE-D1A8-4AF4-9FB5-D670F33A70CE}.Analysis|x64.Build.0 = Debug|Any CPU
		{C7E727DE-D1A8-4AF4-9FB5-D670F33A70CE}.Analysis|x86.ActiveCfg = Debug|Any CPU
		{C7E727DE-D1A8-4AF4-9FB5-D670F33A70CE}.Analysis|x86.Build.0 = Debug|Any CPU
		{C7E727DE-D1A8-4AF4-9FB5-D670F33A70CE}.Debug|Any CPU.ActiveCfg = Debug|Any CPU
		{C7E727DE-D1A8-4AF4-9FB5-D670F33A70CE}.Debug|Any CPU.Build.0 = Debug|Any CPU
		{C7E727DE-D1A8-4AF4-9FB5-D670F33A70CE}.Debug|ARM.ActiveCfg = Debug|Any CPU
		{C7E727DE-D1A8-4AF4-9FB5-D670F33A70CE}.Debug|ARM.Build.0 = Debug|Any CPU
		{C7E727DE-D1A8-4AF4-9FB5-D670F33A70CE}.Debug|ARM64.ActiveCfg = Debug|Any CPU
		{C7E727DE-D1A8-4AF4-9FB5-D670F33A70CE}.Debug|ARM64.Build.0 = Debug|Any CPU
		{C7E727DE-D1A8-4AF4-9FB5-D670F33A70CE}.Debug|x64.ActiveCfg = Debug|Any CPU
		{C7E727DE-D1A8-4AF4-9FB5-D670F33A70CE}.Debug|x64.Build.0 = Debug|Any CPU
		{C7E727DE-D1A8-4AF4-9FB5-D670F33A70CE}.Debug|x86.ActiveCfg = Debug|Any CPU
		{C7E727DE-D1A8-4AF4-9FB5-D670F33A70CE}.Debug|x86.Build.0 = Debug|Any CPU
		{C7E727DE-D1A8-4AF4-9FB5-D670F33A70CE}.Release|Any CPU.ActiveCfg = Release|Any CPU
		{C7E727DE-D1A8-4AF4-9FB5-D670F33A70CE}.Release|Any CPU.Build.0 = Release|Any CPU
		{C7E727DE-D1A8-4AF4-9FB5-D670F33A70CE}.Release|ARM.ActiveCfg = Release|Any CPU
		{C7E727DE-D1A8-4AF4-9FB5-D670F33A70CE}.Release|ARM.Build.0 = Release|Any CPU
		{C7E727DE-D1A8-4AF4-9FB5-D670F33A70CE}.Release|ARM64.ActiveCfg = Release|Any CPU
		{C7E727DE-D1A8-4AF4-9FB5-D670F33A70CE}.Release|ARM64.Build.0 = Release|Any CPU
		{C7E727DE-D1A8-4AF4-9FB5-D670F33A70CE}.Release|x64.ActiveCfg = Release|Any CPU
		{C7E727DE-D1A8-4AF4-9FB5-D670F33A70CE}.Release|x64.Build.0 = Release|Any CPU
		{C7E727DE-D1A8-4AF4-9FB5-D670F33A70CE}.Release|x86.ActiveCfg = Release|Any CPU
		{C7E727DE-D1A8-4AF4-9FB5-D670F33A70CE}.Release|x86.Build.0 = Release|Any CPU
		{6FC79263-C506-47B4-A4EC-69F4AC2138A0}.Analysis|Any CPU.ActiveCfg = Debug|Any CPU
		{6FC79263-C506-47B4-A4EC-69F4AC2138A0}.Analysis|Any CPU.Build.0 = Debug|Any CPU
		{6FC79263-C506-47B4-A4EC-69F4AC2138A0}.Analysis|ARM.ActiveCfg = Debug|Any CPU
		{6FC79263-C506-47B4-A4EC-69F4AC2138A0}.Analysis|ARM.Build.0 = Debug|Any CPU
		{6FC79263-C506-47B4-A4EC-69F4AC2138A0}.Analysis|ARM64.ActiveCfg = Debug|Any CPU
		{6FC79263-C506-47B4-A4EC-69F4AC2138A0}.Analysis|ARM64.Build.0 = Debug|Any CPU
		{6FC79263-C506-47B4-A4EC-69F4AC2138A0}.Analysis|x64.ActiveCfg = Debug|Any CPU
		{6FC79263-C506-47B4-A4EC-69F4AC2138A0}.Analysis|x64.Build.0 = Debug|Any CPU
		{6FC79263-C506-47B4-A4EC-69F4AC2138A0}.Analysis|x86.ActiveCfg = Debug|Any CPU
		{6FC79263-C506-47B4-A4EC-69F4AC2138A0}.Analysis|x86.Build.0 = Debug|Any CPU
		{6FC79263-C506-47B4-A4EC-69F4AC2138A0}.Debug|Any CPU.ActiveCfg = Debug|Any CPU
		{6FC79263-C506-47B4-A4EC-69F4AC2138A0}.Debug|Any CPU.Build.0 = Debug|Any CPU
		{6FC79263-C506-47B4-A4EC-69F4AC2138A0}.Debug|ARM.ActiveCfg = Debug|Any CPU
		{6FC79263-C506-47B4-A4EC-69F4AC2138A0}.Debug|ARM.Build.0 = Debug|Any CPU
		{6FC79263-C506-47B4-A4EC-69F4AC2138A0}.Debug|ARM64.ActiveCfg = Debug|Any CPU
		{6FC79263-C506-47B4-A4EC-69F4AC2138A0}.Debug|ARM64.Build.0 = Debug|Any CPU
		{6FC79263-C506-47B4-A4EC-69F4AC2138A0}.Debug|x64.ActiveCfg = Debug|Any CPU
		{6FC79263-C506-47B4-A4EC-69F4AC2138A0}.Debug|x64.Build.0 = Debug|Any CPU
		{6FC79263-C506-47B4-A4EC-69F4AC2138A0}.Debug|x86.ActiveCfg = Debug|Any CPU
		{6FC79263-C506-47B4-A4EC-69F4AC2138A0}.Debug|x86.Build.0 = Debug|Any CPU
		{6FC79263-C506-47B4-A4EC-69F4AC2138A0}.Release|Any CPU.ActiveCfg = Release|Any CPU
		{6FC79263-C506-47B4-A4EC-69F4AC2138A0}.Release|Any CPU.Build.0 = Release|Any CPU
		{6FC79263-C506-47B4-A4EC-69F4AC2138A0}.Release|ARM.ActiveCfg = Release|Any CPU
		{6FC79263-C506-47B4-A4EC-69F4AC2138A0}.Release|ARM.Build.0 = Release|Any CPU
		{6FC79263-C506-47B4-A4EC-69F4AC2138A0}.Release|ARM64.ActiveCfg = Release|Any CPU
		{6FC79263-C506-47B4-A4EC-69F4AC2138A0}.Release|ARM64.Build.0 = Release|Any CPU
		{6FC79263-C506-47B4-A4EC-69F4AC2138A0}.Release|x64.ActiveCfg = Release|Any CPU
		{6FC79263-C506-47B4-A4EC-69F4AC2138A0}.Release|x64.Build.0 = Release|Any CPU
		{6FC79263-C506-47B4-A4EC-69F4AC2138A0}.Release|x86.ActiveCfg = Release|Any CPU
		{6FC79263-C506-47B4-A4EC-69F4AC2138A0}.Release|x86.Build.0 = Release|Any CPU
		{CFE42206-927B-4100-976B-B88EBE6A1EDE}.Analysis|Any CPU.ActiveCfg = Debug|Any CPU
		{CFE42206-927B-4100-976B-B88EBE6A1EDE}.Analysis|Any CPU.Build.0 = Debug|Any CPU
		{CFE42206-927B-4100-976B-B88EBE6A1EDE}.Analysis|ARM.ActiveCfg = Debug|Any CPU
		{CFE42206-927B-4100-976B-B88EBE6A1EDE}.Analysis|ARM.Build.0 = Debug|Any CPU
		{CFE42206-927B-4100-976B-B88EBE6A1EDE}.Analysis|ARM64.ActiveCfg = Debug|Any CPU
		{CFE42206-927B-4100-976B-B88EBE6A1EDE}.Analysis|ARM64.Build.0 = Debug|Any CPU
		{CFE42206-927B-4100-976B-B88EBE6A1EDE}.Analysis|x64.ActiveCfg = Debug|Any CPU
		{CFE42206-927B-4100-976B-B88EBE6A1EDE}.Analysis|x64.Build.0 = Debug|Any CPU
		{CFE42206-927B-4100-976B-B88EBE6A1EDE}.Analysis|x86.ActiveCfg = Debug|Any CPU
		{CFE42206-927B-4100-976B-B88EBE6A1EDE}.Analysis|x86.Build.0 = Debug|Any CPU
		{CFE42206-927B-4100-976B-B88EBE6A1EDE}.Debug|Any CPU.ActiveCfg = Debug|Any CPU
		{CFE42206-927B-4100-976B-B88EBE6A1EDE}.Debug|Any CPU.Build.0 = Debug|Any CPU
		{CFE42206-927B-4100-976B-B88EBE6A1EDE}.Debug|ARM.ActiveCfg = Debug|Any CPU
		{CFE42206-927B-4100-976B-B88EBE6A1EDE}.Debug|ARM.Build.0 = Debug|Any CPU
		{CFE42206-927B-4100-976B-B88EBE6A1EDE}.Debug|ARM64.ActiveCfg = Debug|Any CPU
		{CFE42206-927B-4100-976B-B88EBE6A1EDE}.Debug|ARM64.Build.0 = Debug|Any CPU
		{CFE42206-927B-4100-976B-B88EBE6A1EDE}.Debug|x64.ActiveCfg = Debug|Any CPU
		{CFE42206-927B-4100-976B-B88EBE6A1EDE}.Debug|x64.Build.0 = Debug|Any CPU
		{CFE42206-927B-4100-976B-B88EBE6A1EDE}.Debug|x86.ActiveCfg = Debug|Any CPU
		{CFE42206-927B-4100-976B-B88EBE6A1EDE}.Debug|x86.Build.0 = Debug|Any CPU
		{CFE42206-927B-4100-976B-B88EBE6A1EDE}.Release|Any CPU.ActiveCfg = Release|Any CPU
		{CFE42206-927B-4100-976B-B88EBE6A1EDE}.Release|Any CPU.Build.0 = Release|Any CPU
		{CFE42206-927B-4100-976B-B88EBE6A1EDE}.Release|ARM.ActiveCfg = Release|Any CPU
		{CFE42206-927B-4100-976B-B88EBE6A1EDE}.Release|ARM.Build.0 = Release|Any CPU
		{CFE42206-927B-4100-976B-B88EBE6A1EDE}.Release|ARM64.ActiveCfg = Release|Any CPU
		{CFE42206-927B-4100-976B-B88EBE6A1EDE}.Release|ARM64.Build.0 = Release|Any CPU
		{CFE42206-927B-4100-976B-B88EBE6A1EDE}.Release|x64.ActiveCfg = Release|Any CPU
		{CFE42206-927B-4100-976B-B88EBE6A1EDE}.Release|x64.Build.0 = Release|Any CPU
		{CFE42206-927B-4100-976B-B88EBE6A1EDE}.Release|x86.ActiveCfg = Release|Any CPU
		{CFE42206-927B-4100-976B-B88EBE6A1EDE}.Release|x86.Build.0 = Release|Any CPU
		{614CA639-CC65-42AE-A531-A3FF784F4BE4}.Analysis|Any CPU.ActiveCfg = Debug|Any CPU
		{614CA639-CC65-42AE-A531-A3FF784F4BE4}.Analysis|Any CPU.Build.0 = Debug|Any CPU
		{614CA639-CC65-42AE-A531-A3FF784F4BE4}.Analysis|ARM.ActiveCfg = Debug|Any CPU
		{614CA639-CC65-42AE-A531-A3FF784F4BE4}.Analysis|ARM.Build.0 = Debug|Any CPU
		{614CA639-CC65-42AE-A531-A3FF784F4BE4}.Analysis|ARM64.ActiveCfg = Debug|Any CPU
		{614CA639-CC65-42AE-A531-A3FF784F4BE4}.Analysis|ARM64.Build.0 = Debug|Any CPU
		{614CA639-CC65-42AE-A531-A3FF784F4BE4}.Analysis|x64.ActiveCfg = Debug|Any CPU
		{614CA639-CC65-42AE-A531-A3FF784F4BE4}.Analysis|x64.Build.0 = Debug|Any CPU
		{614CA639-CC65-42AE-A531-A3FF784F4BE4}.Analysis|x86.ActiveCfg = Debug|Any CPU
		{614CA639-CC65-42AE-A531-A3FF784F4BE4}.Analysis|x86.Build.0 = Debug|Any CPU
		{614CA639-CC65-42AE-A531-A3FF784F4BE4}.Debug|Any CPU.ActiveCfg = Debug|Any CPU
		{614CA639-CC65-42AE-A531-A3FF784F4BE4}.Debug|Any CPU.Build.0 = Debug|Any CPU
		{614CA639-CC65-42AE-A531-A3FF784F4BE4}.Debug|ARM.ActiveCfg = Debug|Any CPU
		{614CA639-CC65-42AE-A531-A3FF784F4BE4}.Debug|ARM.Build.0 = Debug|Any CPU
		{614CA639-CC65-42AE-A531-A3FF784F4BE4}.Debug|ARM64.ActiveCfg = Debug|Any CPU
		{614CA639-CC65-42AE-A531-A3FF784F4BE4}.Debug|ARM64.Build.0 = Debug|Any CPU
		{614CA639-CC65-42AE-A531-A3FF784F4BE4}.Debug|x64.ActiveCfg = Debug|Any CPU
		{614CA639-CC65-42AE-A531-A3FF784F4BE4}.Debug|x64.Build.0 = Debug|Any CPU
		{614CA639-CC65-42AE-A531-A3FF784F4BE4}.Debug|x86.ActiveCfg = Debug|Any CPU
		{614CA639-CC65-42AE-A531-A3FF784F4BE4}.Debug|x86.Build.0 = Debug|Any CPU
		{614CA639-CC65-42AE-A531-A3FF784F4BE4}.Release|Any CPU.ActiveCfg = Release|Any CPU
		{614CA639-CC65-42AE-A531-A3FF784F4BE4}.Release|Any CPU.Build.0 = Release|Any CPU
		{614CA639-CC65-42AE-A531-A3FF784F4BE4}.Release|ARM.ActiveCfg = Release|Any CPU
		{614CA639-CC65-42AE-A531-A3FF784F4BE4}.Release|ARM.Build.0 = Release|Any CPU
		{614CA639-CC65-42AE-A531-A3FF784F4BE4}.Release|ARM64.ActiveCfg = Release|Any CPU
		{614CA639-CC65-42AE-A531-A3FF784F4BE4}.Release|ARM64.Build.0 = Release|Any CPU
		{614CA639-CC65-42AE-A531-A3FF784F4BE4}.Release|x64.ActiveCfg = Release|Any CPU
		{614CA639-CC65-42AE-A531-A3FF784F4BE4}.Release|x64.Build.0 = Release|Any CPU
		{614CA639-CC65-42AE-A531-A3FF784F4BE4}.Release|x86.ActiveCfg = Release|Any CPU
		{614CA639-CC65-42AE-A531-A3FF784F4BE4}.Release|x86.Build.0 = Release|Any CPU
		{1DBA56C6-37B3-4320-91CC-77D9FA35E476}.Analysis|Any CPU.ActiveCfg = Debug|Any CPU
		{1DBA56C6-37B3-4320-91CC-77D9FA35E476}.Analysis|Any CPU.Build.0 = Debug|Any CPU
		{1DBA56C6-37B3-4320-91CC-77D9FA35E476}.Analysis|ARM.ActiveCfg = Debug|Any CPU
		{1DBA56C6-37B3-4320-91CC-77D9FA35E476}.Analysis|ARM.Build.0 = Debug|Any CPU
		{1DBA56C6-37B3-4320-91CC-77D9FA35E476}.Analysis|ARM64.ActiveCfg = Debug|Any CPU
		{1DBA56C6-37B3-4320-91CC-77D9FA35E476}.Analysis|ARM64.Build.0 = Debug|Any CPU
		{1DBA56C6-37B3-4320-91CC-77D9FA35E476}.Analysis|x64.ActiveCfg = Debug|Any CPU
		{1DBA56C6-37B3-4320-91CC-77D9FA35E476}.Analysis|x64.Build.0 = Debug|Any CPU
		{1DBA56C6-37B3-4320-91CC-77D9FA35E476}.Analysis|x86.ActiveCfg = Debug|Any CPU
		{1DBA56C6-37B3-4320-91CC-77D9FA35E476}.Analysis|x86.Build.0 = Debug|Any CPU
		{1DBA56C6-37B3-4320-91CC-77D9FA35E476}.Debug|Any CPU.ActiveCfg = Debug|Any CPU
		{1DBA56C6-37B3-4320-91CC-77D9FA35E476}.Debug|Any CPU.Build.0 = Debug|Any CPU
		{1DBA56C6-37B3-4320-91CC-77D9FA35E476}.Debug|ARM.ActiveCfg = Debug|Any CPU
		{1DBA56C6-37B3-4320-91CC-77D9FA35E476}.Debug|ARM.Build.0 = Debug|Any CPU
		{1DBA56C6-37B3-4320-91CC-77D9FA35E476}.Debug|ARM64.ActiveCfg = Debug|Any CPU
		{1DBA56C6-37B3-4320-91CC-77D9FA35E476}.Debug|ARM64.Build.0 = Debug|Any CPU
		{1DBA56C6-37B3-4320-91CC-77D9FA35E476}.Debug|x64.ActiveCfg = Debug|Any CPU
		{1DBA56C6-37B3-4320-91CC-77D9FA35E476}.Debug|x64.Build.0 = Debug|Any CPU
		{1DBA56C6-37B3-4320-91CC-77D9FA35E476}.Debug|x86.ActiveCfg = Debug|Any CPU
		{1DBA56C6-37B3-4320-91CC-77D9FA35E476}.Debug|x86.Build.0 = Debug|Any CPU
		{1DBA56C6-37B3-4320-91CC-77D9FA35E476}.Release|Any CPU.ActiveCfg = Release|Any CPU
		{1DBA56C6-37B3-4320-91CC-77D9FA35E476}.Release|Any CPU.Build.0 = Release|Any CPU
		{1DBA56C6-37B3-4320-91CC-77D9FA35E476}.Release|ARM.ActiveCfg = Release|Any CPU
		{1DBA56C6-37B3-4320-91CC-77D9FA35E476}.Release|ARM.Build.0 = Release|Any CPU
		{1DBA56C6-37B3-4320-91CC-77D9FA35E476}.Release|ARM64.ActiveCfg = Release|Any CPU
		{1DBA56C6-37B3-4320-91CC-77D9FA35E476}.Release|ARM64.Build.0 = Release|Any CPU
		{1DBA56C6-37B3-4320-91CC-77D9FA35E476}.Release|x64.ActiveCfg = Release|Any CPU
		{1DBA56C6-37B3-4320-91CC-77D9FA35E476}.Release|x64.Build.0 = Release|Any CPU
		{1DBA56C6-37B3-4320-91CC-77D9FA35E476}.Release|x86.ActiveCfg = Release|Any CPU
		{1DBA56C6-37B3-4320-91CC-77D9FA35E476}.Release|x86.Build.0 = Release|Any CPU
		{F888748B-8E83-47F6-95DE-999847391AF6}.Analysis|Any CPU.ActiveCfg = Debug|Any CPU
		{F888748B-8E83-47F6-95DE-999847391AF6}.Analysis|Any CPU.Build.0 = Debug|Any CPU
		{F888748B-8E83-47F6-95DE-999847391AF6}.Analysis|ARM.ActiveCfg = Debug|Any CPU
		{F888748B-8E83-47F6-95DE-999847391AF6}.Analysis|ARM.Build.0 = Debug|Any CPU
		{F888748B-8E83-47F6-95DE-999847391AF6}.Analysis|ARM64.ActiveCfg = Debug|Any CPU
		{F888748B-8E83-47F6-95DE-999847391AF6}.Analysis|ARM64.Build.0 = Debug|Any CPU
		{F888748B-8E83-47F6-95DE-999847391AF6}.Analysis|x64.ActiveCfg = Debug|Any CPU
		{F888748B-8E83-47F6-95DE-999847391AF6}.Analysis|x64.Build.0 = Debug|Any CPU
		{F888748B-8E83-47F6-95DE-999847391AF6}.Analysis|x86.ActiveCfg = Debug|Any CPU
		{F888748B-8E83-47F6-95DE-999847391AF6}.Analysis|x86.Build.0 = Debug|Any CPU
		{F888748B-8E83-47F6-95DE-999847391AF6}.Debug|Any CPU.ActiveCfg = Debug|Any CPU
		{F888748B-8E83-47F6-95DE-999847391AF6}.Debug|Any CPU.Build.0 = Debug|Any CPU
		{F888748B-8E83-47F6-95DE-999847391AF6}.Debug|ARM.ActiveCfg = Debug|Any CPU
		{F888748B-8E83-47F6-95DE-999847391AF6}.Debug|ARM.Build.0 = Debug|Any CPU
		{F888748B-8E83-47F6-95DE-999847391AF6}.Debug|ARM64.ActiveCfg = Debug|Any CPU
		{F888748B-8E83-47F6-95DE-999847391AF6}.Debug|ARM64.Build.0 = Debug|Any CPU
		{F888748B-8E83-47F6-95DE-999847391AF6}.Debug|x64.ActiveCfg = Debug|Any CPU
		{F888748B-8E83-47F6-95DE-999847391AF6}.Debug|x64.Build.0 = Debug|Any CPU
		{F888748B-8E83-47F6-95DE-999847391AF6}.Debug|x86.ActiveCfg = Debug|Any CPU
		{F888748B-8E83-47F6-95DE-999847391AF6}.Debug|x86.Build.0 = Debug|Any CPU
		{F888748B-8E83-47F6-95DE-999847391AF6}.Release|Any CPU.ActiveCfg = Release|Any CPU
		{F888748B-8E83-47F6-95DE-999847391AF6}.Release|Any CPU.Build.0 = Release|Any CPU
		{F888748B-8E83-47F6-95DE-999847391AF6}.Release|ARM.ActiveCfg = Release|Any CPU
		{F888748B-8E83-47F6-95DE-999847391AF6}.Release|ARM.Build.0 = Release|Any CPU
		{F888748B-8E83-47F6-95DE-999847391AF6}.Release|ARM64.ActiveCfg = Release|Any CPU
		{F888748B-8E83-47F6-95DE-999847391AF6}.Release|ARM64.Build.0 = Release|Any CPU
		{F888748B-8E83-47F6-95DE-999847391AF6}.Release|x64.ActiveCfg = Release|Any CPU
		{F888748B-8E83-47F6-95DE-999847391AF6}.Release|x64.Build.0 = Release|Any CPU
		{F888748B-8E83-47F6-95DE-999847391AF6}.Release|x86.ActiveCfg = Release|Any CPU
		{F888748B-8E83-47F6-95DE-999847391AF6}.Release|x86.Build.0 = Release|Any CPU
		{3EB91448-4502-4E66-9E2A-B8C20D578A00}.Analysis|Any CPU.ActiveCfg = Debug|Any CPU
		{3EB91448-4502-4E66-9E2A-B8C20D578A00}.Analysis|Any CPU.Build.0 = Debug|Any CPU
		{3EB91448-4502-4E66-9E2A-B8C20D578A00}.Analysis|ARM.ActiveCfg = Debug|Any CPU
		{3EB91448-4502-4E66-9E2A-B8C20D578A00}.Analysis|ARM.Build.0 = Debug|Any CPU
		{3EB91448-4502-4E66-9E2A-B8C20D578A00}.Analysis|ARM64.ActiveCfg = Debug|Any CPU
		{3EB91448-4502-4E66-9E2A-B8C20D578A00}.Analysis|ARM64.Build.0 = Debug|Any CPU
		{3EB91448-4502-4E66-9E2A-B8C20D578A00}.Analysis|x64.ActiveCfg = Debug|Any CPU
		{3EB91448-4502-4E66-9E2A-B8C20D578A00}.Analysis|x64.Build.0 = Debug|Any CPU
		{3EB91448-4502-4E66-9E2A-B8C20D578A00}.Analysis|x86.ActiveCfg = Debug|Any CPU
		{3EB91448-4502-4E66-9E2A-B8C20D578A00}.Analysis|x86.Build.0 = Debug|Any CPU
		{3EB91448-4502-4E66-9E2A-B8C20D578A00}.Debug|Any CPU.ActiveCfg = Debug|Any CPU
		{3EB91448-4502-4E66-9E2A-B8C20D578A00}.Debug|Any CPU.Build.0 = Debug|Any CPU
		{3EB91448-4502-4E66-9E2A-B8C20D578A00}.Debug|ARM.ActiveCfg = Debug|Any CPU
		{3EB91448-4502-4E66-9E2A-B8C20D578A00}.Debug|ARM.Build.0 = Debug|Any CPU
		{3EB91448-4502-4E66-9E2A-B8C20D578A00}.Debug|ARM64.ActiveCfg = Debug|Any CPU
		{3EB91448-4502-4E66-9E2A-B8C20D578A00}.Debug|ARM64.Build.0 = Debug|Any CPU
		{3EB91448-4502-4E66-9E2A-B8C20D578A00}.Debug|x64.ActiveCfg = Debug|Any CPU
		{3EB91448-4502-4E66-9E2A-B8C20D578A00}.Debug|x64.Build.0 = Debug|Any CPU
		{3EB91448-4502-4E66-9E2A-B8C20D578A00}.Debug|x86.ActiveCfg = Debug|Any CPU
		{3EB91448-4502-4E66-9E2A-B8C20D578A00}.Debug|x86.Build.0 = Debug|Any CPU
		{3EB91448-4502-4E66-9E2A-B8C20D578A00}.Release|Any CPU.ActiveCfg = Release|Any CPU
		{3EB91448-4502-4E66-9E2A-B8C20D578A00}.Release|Any CPU.Build.0 = Release|Any CPU
		{3EB91448-4502-4E66-9E2A-B8C20D578A00}.Release|ARM.ActiveCfg = Release|Any CPU
		{3EB91448-4502-4E66-9E2A-B8C20D578A00}.Release|ARM.Build.0 = Release|Any CPU
		{3EB91448-4502-4E66-9E2A-B8C20D578A00}.Release|ARM64.ActiveCfg = Release|Any CPU
		{3EB91448-4502-4E66-9E2A-B8C20D578A00}.Release|ARM64.Build.0 = Release|Any CPU
		{3EB91448-4502-4E66-9E2A-B8C20D578A00}.Release|x64.ActiveCfg = Release|Any CPU
		{3EB91448-4502-4E66-9E2A-B8C20D578A00}.Release|x64.Build.0 = Release|Any CPU
		{3EB91448-4502-4E66-9E2A-B8C20D578A00}.Release|x86.ActiveCfg = Release|Any CPU
		{3EB91448-4502-4E66-9E2A-B8C20D578A00}.Release|x86.Build.0 = Release|Any CPU
		{5B618CBF-70D1-4F99-AE43-D647D4CC6D88}.Analysis|Any CPU.ActiveCfg = Debug|Any CPU
		{5B618CBF-70D1-4F99-AE43-D647D4CC6D88}.Analysis|Any CPU.Build.0 = Debug|Any CPU
		{5B618CBF-70D1-4F99-AE43-D647D4CC6D88}.Analysis|ARM.ActiveCfg = Debug|Any CPU
		{5B618CBF-70D1-4F99-AE43-D647D4CC6D88}.Analysis|ARM.Build.0 = Debug|Any CPU
		{5B618CBF-70D1-4F99-AE43-D647D4CC6D88}.Analysis|ARM64.ActiveCfg = Debug|Any CPU
		{5B618CBF-70D1-4F99-AE43-D647D4CC6D88}.Analysis|ARM64.Build.0 = Debug|Any CPU
		{5B618CBF-70D1-4F99-AE43-D647D4CC6D88}.Analysis|x64.ActiveCfg = Debug|Any CPU
		{5B618CBF-70D1-4F99-AE43-D647D4CC6D88}.Analysis|x64.Build.0 = Debug|Any CPU
		{5B618CBF-70D1-4F99-AE43-D647D4CC6D88}.Analysis|x86.ActiveCfg = Debug|Any CPU
		{5B618CBF-70D1-4F99-AE43-D647D4CC6D88}.Analysis|x86.Build.0 = Debug|Any CPU
		{5B618CBF-70D1-4F99-AE43-D647D4CC6D88}.Debug|Any CPU.ActiveCfg = Debug|Any CPU
		{5B618CBF-70D1-4F99-AE43-D647D4CC6D88}.Debug|Any CPU.Build.0 = Debug|Any CPU
		{5B618CBF-70D1-4F99-AE43-D647D4CC6D88}.Debug|ARM.ActiveCfg = Debug|Any CPU
		{5B618CBF-70D1-4F99-AE43-D647D4CC6D88}.Debug|ARM.Build.0 = Debug|Any CPU
		{5B618CBF-70D1-4F99-AE43-D647D4CC6D88}.Debug|ARM64.ActiveCfg = Debug|Any CPU
		{5B618CBF-70D1-4F99-AE43-D647D4CC6D88}.Debug|ARM64.Build.0 = Debug|Any CPU
		{5B618CBF-70D1-4F99-AE43-D647D4CC6D88}.Debug|x64.ActiveCfg = Debug|Any CPU
		{5B618CBF-70D1-4F99-AE43-D647D4CC6D88}.Debug|x64.Build.0 = Debug|Any CPU
		{5B618CBF-70D1-4F99-AE43-D647D4CC6D88}.Debug|x86.ActiveCfg = Debug|Any CPU
		{5B618CBF-70D1-4F99-AE43-D647D4CC6D88}.Debug|x86.Build.0 = Debug|Any CPU
		{5B618CBF-70D1-4F99-AE43-D647D4CC6D88}.Release|Any CPU.ActiveCfg = Release|Any CPU
		{5B618CBF-70D1-4F99-AE43-D647D4CC6D88}.Release|Any CPU.Build.0 = Release|Any CPU
		{5B618CBF-70D1-4F99-AE43-D647D4CC6D88}.Release|ARM.ActiveCfg = Release|Any CPU
		{5B618CBF-70D1-4F99-AE43-D647D4CC6D88}.Release|ARM.Build.0 = Release|Any CPU
		{5B618CBF-70D1-4F99-AE43-D647D4CC6D88}.Release|ARM64.ActiveCfg = Release|Any CPU
		{5B618CBF-70D1-4F99-AE43-D647D4CC6D88}.Release|ARM64.Build.0 = Release|Any CPU
		{5B618CBF-70D1-4F99-AE43-D647D4CC6D88}.Release|x64.ActiveCfg = Release|Any CPU
		{5B618CBF-70D1-4F99-AE43-D647D4CC6D88}.Release|x64.Build.0 = Release|Any CPU
		{5B618CBF-70D1-4F99-AE43-D647D4CC6D88}.Release|x86.ActiveCfg = Release|Any CPU
		{5B618CBF-70D1-4F99-AE43-D647D4CC6D88}.Release|x86.Build.0 = Release|Any CPU
		{A9D9BDD2-522D-4549-916F-7205E42A0D95}.Analysis|Any CPU.ActiveCfg = Debug|Any CPU
		{A9D9BDD2-522D-4549-916F-7205E42A0D95}.Analysis|Any CPU.Build.0 = Debug|Any CPU
		{A9D9BDD2-522D-4549-916F-7205E42A0D95}.Analysis|ARM.ActiveCfg = Debug|Any CPU
		{A9D9BDD2-522D-4549-916F-7205E42A0D95}.Analysis|ARM.Build.0 = Debug|Any CPU
		{A9D9BDD2-522D-4549-916F-7205E42A0D95}.Analysis|ARM64.ActiveCfg = Debug|Any CPU
		{A9D9BDD2-522D-4549-916F-7205E42A0D95}.Analysis|ARM64.Build.0 = Debug|Any CPU
		{A9D9BDD2-522D-4549-916F-7205E42A0D95}.Analysis|x64.ActiveCfg = Debug|Any CPU
		{A9D9BDD2-522D-4549-916F-7205E42A0D95}.Analysis|x64.Build.0 = Debug|Any CPU
		{A9D9BDD2-522D-4549-916F-7205E42A0D95}.Analysis|x86.ActiveCfg = Debug|Any CPU
		{A9D9BDD2-522D-4549-916F-7205E42A0D95}.Analysis|x86.Build.0 = Debug|Any CPU
		{A9D9BDD2-522D-4549-916F-7205E42A0D95}.Debug|Any CPU.ActiveCfg = Debug|Any CPU
		{A9D9BDD2-522D-4549-916F-7205E42A0D95}.Debug|Any CPU.Build.0 = Debug|Any CPU
		{A9D9BDD2-522D-4549-916F-7205E42A0D95}.Debug|ARM.ActiveCfg = Debug|Any CPU
		{A9D9BDD2-522D-4549-916F-7205E42A0D95}.Debug|ARM.Build.0 = Debug|Any CPU
		{A9D9BDD2-522D-4549-916F-7205E42A0D95}.Debug|ARM64.ActiveCfg = Debug|Any CPU
		{A9D9BDD2-522D-4549-916F-7205E42A0D95}.Debug|ARM64.Build.0 = Debug|Any CPU
		{A9D9BDD2-522D-4549-916F-7205E42A0D95}.Debug|x64.ActiveCfg = Debug|Any CPU
		{A9D9BDD2-522D-4549-916F-7205E42A0D95}.Debug|x64.Build.0 = Debug|Any CPU
		{A9D9BDD2-522D-4549-916F-7205E42A0D95}.Debug|x86.ActiveCfg = Debug|Any CPU
		{A9D9BDD2-522D-4549-916F-7205E42A0D95}.Debug|x86.Build.0 = Debug|Any CPU
		{A9D9BDD2-522D-4549-916F-7205E42A0D95}.Release|Any CPU.ActiveCfg = Release|Any CPU
		{A9D9BDD2-522D-4549-916F-7205E42A0D95}.Release|Any CPU.Build.0 = Release|Any CPU
		{A9D9BDD2-522D-4549-916F-7205E42A0D95}.Release|ARM.ActiveCfg = Release|Any CPU
		{A9D9BDD2-522D-4549-916F-7205E42A0D95}.Release|ARM.Build.0 = Release|Any CPU
		{A9D9BDD2-522D-4549-916F-7205E42A0D95}.Release|ARM64.ActiveCfg = Release|Any CPU
		{A9D9BDD2-522D-4549-916F-7205E42A0D95}.Release|ARM64.Build.0 = Release|Any CPU
		{A9D9BDD2-522D-4549-916F-7205E42A0D95}.Release|x64.ActiveCfg = Release|Any CPU
		{A9D9BDD2-522D-4549-916F-7205E42A0D95}.Release|x64.Build.0 = Release|Any CPU
		{A9D9BDD2-522D-4549-916F-7205E42A0D95}.Release|x86.ActiveCfg = Release|Any CPU
		{A9D9BDD2-522D-4549-916F-7205E42A0D95}.Release|x86.Build.0 = Release|Any CPU
		{D449961B-516C-4D47-80DE-53BFEAFAAA1E}.Analysis|Any CPU.ActiveCfg = Debug|Any CPU
		{D449961B-516C-4D47-80DE-53BFEAFAAA1E}.Analysis|Any CPU.Build.0 = Debug|Any CPU
		{D449961B-516C-4D47-80DE-53BFEAFAAA1E}.Analysis|ARM.ActiveCfg = Debug|Any CPU
		{D449961B-516C-4D47-80DE-53BFEAFAAA1E}.Analysis|ARM.Build.0 = Debug|Any CPU
		{D449961B-516C-4D47-80DE-53BFEAFAAA1E}.Analysis|ARM64.ActiveCfg = Debug|Any CPU
		{D449961B-516C-4D47-80DE-53BFEAFAAA1E}.Analysis|ARM64.Build.0 = Debug|Any CPU
		{D449961B-516C-4D47-80DE-53BFEAFAAA1E}.Analysis|x64.ActiveCfg = Debug|Any CPU
		{D449961B-516C-4D47-80DE-53BFEAFAAA1E}.Analysis|x64.Build.0 = Debug|Any CPU
		{D449961B-516C-4D47-80DE-53BFEAFAAA1E}.Analysis|x86.ActiveCfg = Debug|Any CPU
		{D449961B-516C-4D47-80DE-53BFEAFAAA1E}.Analysis|x86.Build.0 = Debug|Any CPU
		{D449961B-516C-4D47-80DE-53BFEAFAAA1E}.Debug|Any CPU.ActiveCfg = Debug|Any CPU
		{D449961B-516C-4D47-80DE-53BFEAFAAA1E}.Debug|Any CPU.Build.0 = Debug|Any CPU
		{D449961B-516C-4D47-80DE-53BFEAFAAA1E}.Debug|ARM.ActiveCfg = Debug|Any CPU
		{D449961B-516C-4D47-80DE-53BFEAFAAA1E}.Debug|ARM.Build.0 = Debug|Any CPU
		{D449961B-516C-4D47-80DE-53BFEAFAAA1E}.Debug|ARM64.ActiveCfg = Debug|Any CPU
		{D449961B-516C-4D47-80DE-53BFEAFAAA1E}.Debug|ARM64.Build.0 = Debug|Any CPU
		{D449961B-516C-4D47-80DE-53BFEAFAAA1E}.Debug|x64.ActiveCfg = Debug|Any CPU
		{D449961B-516C-4D47-80DE-53BFEAFAAA1E}.Debug|x64.Build.0 = Debug|Any CPU
		{D449961B-516C-4D47-80DE-53BFEAFAAA1E}.Debug|x86.ActiveCfg = Debug|Any CPU
		{D449961B-516C-4D47-80DE-53BFEAFAAA1E}.Debug|x86.Build.0 = Debug|Any CPU
		{D449961B-516C-4D47-80DE-53BFEAFAAA1E}.Release|Any CPU.ActiveCfg = Release|Any CPU
		{D449961B-516C-4D47-80DE-53BFEAFAAA1E}.Release|Any CPU.Build.0 = Release|Any CPU
		{D449961B-516C-4D47-80DE-53BFEAFAAA1E}.Release|ARM.ActiveCfg = Release|Any CPU
		{D449961B-516C-4D47-80DE-53BFEAFAAA1E}.Release|ARM.Build.0 = Release|Any CPU
		{D449961B-516C-4D47-80DE-53BFEAFAAA1E}.Release|ARM64.ActiveCfg = Release|Any CPU
		{D449961B-516C-4D47-80DE-53BFEAFAAA1E}.Release|ARM64.Build.0 = Release|Any CPU
		{D449961B-516C-4D47-80DE-53BFEAFAAA1E}.Release|x64.ActiveCfg = Release|Any CPU
		{D449961B-516C-4D47-80DE-53BFEAFAAA1E}.Release|x64.Build.0 = Release|Any CPU
		{D449961B-516C-4D47-80DE-53BFEAFAAA1E}.Release|x86.ActiveCfg = Release|Any CPU
		{D449961B-516C-4D47-80DE-53BFEAFAAA1E}.Release|x86.Build.0 = Release|Any CPU
		{F8BB04FB-6B2C-4409-9BA4-6C8076BE8D6C}.Analysis|Any CPU.ActiveCfg = Debug|Any CPU
		{F8BB04FB-6B2C-4409-9BA4-6C8076BE8D6C}.Analysis|Any CPU.Build.0 = Debug|Any CPU
		{F8BB04FB-6B2C-4409-9BA4-6C8076BE8D6C}.Analysis|ARM.ActiveCfg = Debug|Any CPU
		{F8BB04FB-6B2C-4409-9BA4-6C8076BE8D6C}.Analysis|ARM.Build.0 = Debug|Any CPU
		{F8BB04FB-6B2C-4409-9BA4-6C8076BE8D6C}.Analysis|ARM64.ActiveCfg = Debug|Any CPU
		{F8BB04FB-6B2C-4409-9BA4-6C8076BE8D6C}.Analysis|ARM64.Build.0 = Debug|Any CPU
		{F8BB04FB-6B2C-4409-9BA4-6C8076BE8D6C}.Analysis|x64.ActiveCfg = Debug|Any CPU
		{F8BB04FB-6B2C-4409-9BA4-6C8076BE8D6C}.Analysis|x64.Build.0 = Debug|Any CPU
		{F8BB04FB-6B2C-4409-9BA4-6C8076BE8D6C}.Analysis|x86.ActiveCfg = Debug|Any CPU
		{F8BB04FB-6B2C-4409-9BA4-6C8076BE8D6C}.Analysis|x86.Build.0 = Debug|Any CPU
		{F8BB04FB-6B2C-4409-9BA4-6C8076BE8D6C}.Debug|Any CPU.ActiveCfg = Debug|Any CPU
		{F8BB04FB-6B2C-4409-9BA4-6C8076BE8D6C}.Debug|Any CPU.Build.0 = Debug|Any CPU
		{F8BB04FB-6B2C-4409-9BA4-6C8076BE8D6C}.Debug|ARM.ActiveCfg = Debug|Any CPU
		{F8BB04FB-6B2C-4409-9BA4-6C8076BE8D6C}.Debug|ARM.Build.0 = Debug|Any CPU
		{F8BB04FB-6B2C-4409-9BA4-6C8076BE8D6C}.Debug|ARM64.ActiveCfg = Debug|Any CPU
		{F8BB04FB-6B2C-4409-9BA4-6C8076BE8D6C}.Debug|ARM64.Build.0 = Debug|Any CPU
		{F8BB04FB-6B2C-4409-9BA4-6C8076BE8D6C}.Debug|x64.ActiveCfg = Debug|Any CPU
		{F8BB04FB-6B2C-4409-9BA4-6C8076BE8D6C}.Debug|x64.Build.0 = Debug|Any CPU
		{F8BB04FB-6B2C-4409-9BA4-6C8076BE8D6C}.Debug|x86.ActiveCfg = Debug|Any CPU
		{F8BB04FB-6B2C-4409-9BA4-6C8076BE8D6C}.Debug|x86.Build.0 = Debug|Any CPU
		{F8BB04FB-6B2C-4409-9BA4-6C8076BE8D6C}.Release|Any CPU.ActiveCfg = Release|Any CPU
		{F8BB04FB-6B2C-4409-9BA4-6C8076BE8D6C}.Release|Any CPU.Build.0 = Release|Any CPU
		{F8BB04FB-6B2C-4409-9BA4-6C8076BE8D6C}.Release|ARM.ActiveCfg = Release|Any CPU
		{F8BB04FB-6B2C-4409-9BA4-6C8076BE8D6C}.Release|ARM.Build.0 = Release|Any CPU
		{F8BB04FB-6B2C-4409-9BA4-6C8076BE8D6C}.Release|ARM64.ActiveCfg = Release|Any CPU
		{F8BB04FB-6B2C-4409-9BA4-6C8076BE8D6C}.Release|ARM64.Build.0 = Release|Any CPU
		{F8BB04FB-6B2C-4409-9BA4-6C8076BE8D6C}.Release|x64.ActiveCfg = Release|Any CPU
		{F8BB04FB-6B2C-4409-9BA4-6C8076BE8D6C}.Release|x64.Build.0 = Release|Any CPU
		{F8BB04FB-6B2C-4409-9BA4-6C8076BE8D6C}.Release|x86.ActiveCfg = Release|Any CPU
		{F8BB04FB-6B2C-4409-9BA4-6C8076BE8D6C}.Release|x86.Build.0 = Release|Any CPU
		{3121909B-4C8D-4670-B36B-8B68FB127615}.Analysis|Any CPU.ActiveCfg = Debug|Any CPU
		{3121909B-4C8D-4670-B36B-8B68FB127615}.Analysis|Any CPU.Build.0 = Debug|Any CPU
		{3121909B-4C8D-4670-B36B-8B68FB127615}.Analysis|ARM.ActiveCfg = Debug|Any CPU
		{3121909B-4C8D-4670-B36B-8B68FB127615}.Analysis|ARM.Build.0 = Debug|Any CPU
		{3121909B-4C8D-4670-B36B-8B68FB127615}.Analysis|ARM64.ActiveCfg = Debug|Any CPU
		{3121909B-4C8D-4670-B36B-8B68FB127615}.Analysis|ARM64.Build.0 = Debug|Any CPU
		{3121909B-4C8D-4670-B36B-8B68FB127615}.Analysis|x64.ActiveCfg = Debug|Any CPU
		{3121909B-4C8D-4670-B36B-8B68FB127615}.Analysis|x64.Build.0 = Debug|Any CPU
		{3121909B-4C8D-4670-B36B-8B68FB127615}.Analysis|x86.ActiveCfg = Debug|Any CPU
		{3121909B-4C8D-4670-B36B-8B68FB127615}.Analysis|x86.Build.0 = Debug|Any CPU
		{3121909B-4C8D-4670-B36B-8B68FB127615}.Debug|Any CPU.ActiveCfg = Debug|Any CPU
		{3121909B-4C8D-4670-B36B-8B68FB127615}.Debug|Any CPU.Build.0 = Debug|Any CPU
		{3121909B-4C8D-4670-B36B-8B68FB127615}.Debug|ARM.ActiveCfg = Debug|Any CPU
		{3121909B-4C8D-4670-B36B-8B68FB127615}.Debug|ARM.Build.0 = Debug|Any CPU
		{3121909B-4C8D-4670-B36B-8B68FB127615}.Debug|ARM64.ActiveCfg = Debug|Any CPU
		{3121909B-4C8D-4670-B36B-8B68FB127615}.Debug|ARM64.Build.0 = Debug|Any CPU
		{3121909B-4C8D-4670-B36B-8B68FB127615}.Debug|x64.ActiveCfg = Debug|Any CPU
		{3121909B-4C8D-4670-B36B-8B68FB127615}.Debug|x64.Build.0 = Debug|Any CPU
		{3121909B-4C8D-4670-B36B-8B68FB127615}.Debug|x86.ActiveCfg = Debug|Any CPU
		{3121909B-4C8D-4670-B36B-8B68FB127615}.Debug|x86.Build.0 = Debug|Any CPU
		{3121909B-4C8D-4670-B36B-8B68FB127615}.Release|Any CPU.ActiveCfg = Release|Any CPU
		{3121909B-4C8D-4670-B36B-8B68FB127615}.Release|Any CPU.Build.0 = Release|Any CPU
		{3121909B-4C8D-4670-B36B-8B68FB127615}.Release|ARM.ActiveCfg = Release|Any CPU
		{3121909B-4C8D-4670-B36B-8B68FB127615}.Release|ARM.Build.0 = Release|Any CPU
		{3121909B-4C8D-4670-B36B-8B68FB127615}.Release|ARM64.ActiveCfg = Release|Any CPU
		{3121909B-4C8D-4670-B36B-8B68FB127615}.Release|ARM64.Build.0 = Release|Any CPU
		{3121909B-4C8D-4670-B36B-8B68FB127615}.Release|x64.ActiveCfg = Release|Any CPU
		{3121909B-4C8D-4670-B36B-8B68FB127615}.Release|x64.Build.0 = Release|Any CPU
		{3121909B-4C8D-4670-B36B-8B68FB127615}.Release|x86.ActiveCfg = Release|Any CPU
		{3121909B-4C8D-4670-B36B-8B68FB127615}.Release|x86.Build.0 = Release|Any CPU
	EndGlobalSection
	GlobalSection(SolutionProperties) = preSolution
		HideSolutionNode = FALSE
	EndGlobalSection
	GlobalSection(ExtensibilityGlobals) = postSolution
		SolutionGuid = {29DED936-8A8F-43AC-9B34-2E248FF050F0}
	EndGlobalSection
EndGlobal
