
Microsoft Visual Studio Solution File, Format Version 12.00
# Visual Studio Version 16
VisualStudioVersion = 16.0.29311.281
MinimumVisualStudioVersion = 10.0.40219.1
Project("{2150E333-8FDC-42A3-9474-1A3956D46DE8}") = "Windows Universal", "Windows Universal", "{6A8E37B7-598F-409C-B2C5-AEDFCC8FFC06}"
EndProject
Project("{2150E333-8FDC-42A3-9474-1A3956D46DE8}") = "Avalonia", "Avalonia", "{6F1804E6-2965-4BA3-B5A8-3CB704D34A54}"
EndProject
Project("{2150E333-8FDC-42A3-9474-1A3956D46DE8}") = "Core", "Core", "{28D0112E-BF12-4D2E-8B0E-38178FAAEC70}"
EndProject
Project("{9A19103F-16F7-4668-BE54-9A1E7A4F7556}") = "Zafiro.Core", "Zafiro.Core\Zafiro.Core.csproj", "{48D712E7-7654-4104-89F6-1C1F98DCB407}"
EndProject
Project("{9A19103F-16F7-4668-BE54-9A1E7A4F7556}") = "Zafiro.Core.Tests", "Zafiro.Core.Tests\Zafiro.Core.Tests.csproj", "{66473F24-6F00-4A11-B48D-500ED1AAEDA6}"
EndProject
Project("{9A19103F-16F7-4668-BE54-9A1E7A4F7556}") = "Zafiro.Avalonia", "Zafiro.Avalonia\Zafiro.Avalonia.csproj", "{18F8478D-6BC0-4A2D-B2C5-4EFF96E1EB48}"
EndProject
Project("{9A19103F-16F7-4668-BE54-9A1E7A4F7556}") = "Zafiro.Avalonia.Design", "Zafiro.Avalonia.Design\Zafiro.Avalonia.Design.csproj", "{5A80B70E-B2C1-4820-BE78-34C8760570C6}"
EndProject
Project("{FAE04EC0-301F-11D3-BF4B-00C04F79EFBC}") = "Zafiro.Uwp", "Zafiro.Uwp\Zafiro.Uwp.csproj", "{889D7132-88F9-4254-9640-1E38ED419184}"
EndProject
Project("{9A19103F-16F7-4668-BE54-9A1E7A4F7556}") = "SampleApp", "SampleApp\SampleApp.csproj", "{3B7DEEAD-1999-4E9C-AC6D-832FEBD4C213}"
EndProject
Project("{FAE04EC0-301F-11D3-BF4B-00C04F79EFBC}") = "Zafiro.Uwp.Design", "Zafiro.Uwp.Design\Zafiro.Uwp.Design.csproj", "{A8D0162A-4A08-40B0-91D5-E5290C1E8A0D}"
EndProject
Project("{2150E333-8FDC-42A3-9474-1A3956D46DE8}") = "Uno", "Uno", "{D5248E95-58C0-4BD8-ADDE-5B5129027D6C}"
EndProject
Project("{9A19103F-16F7-4668-BE54-9A1E7A4F7556}") = "Zafiro.UI.Infrastructure.Uno", "Zafiro.UI.Infrastructure.Uno\Zafiro.UI.Infrastructure.Uno.csproj", "{26C2906F-D317-4994-9C72-CCA2CCFDE49C}"
EndProject
Global
	GlobalSection(SolutionConfigurationPlatforms) = preSolution
		Debug|Any CPU = Debug|Any CPU
		Debug|ARM = Debug|ARM
		Debug|ARM64 = Debug|ARM64
		Debug|x64 = Debug|x64
		Debug|x86 = Debug|x86
		Release|Any CPU = Release|Any CPU
		Release|ARM = Release|ARM
		Release|ARM64 = Release|ARM64
		Release|x64 = Release|x64
		Release|x86 = Release|x86
	EndGlobalSection
	GlobalSection(ProjectConfigurationPlatforms) = postSolution
		{48D712E7-7654-4104-89F6-1C1F98DCB407}.Debug|Any CPU.ActiveCfg = Debug|Any CPU
		{48D712E7-7654-4104-89F6-1C1F98DCB407}.Debug|Any CPU.Build.0 = Debug|Any CPU
		{48D712E7-7654-4104-89F6-1C1F98DCB407}.Debug|ARM.ActiveCfg = Debug|Any CPU
		{48D712E7-7654-4104-89F6-1C1F98DCB407}.Debug|ARM.Build.0 = Debug|Any CPU
		{48D712E7-7654-4104-89F6-1C1F98DCB407}.Debug|ARM64.ActiveCfg = Debug|Any CPU
		{48D712E7-7654-4104-89F6-1C1F98DCB407}.Debug|ARM64.Build.0 = Debug|Any CPU
		{48D712E7-7654-4104-89F6-1C1F98DCB407}.Debug|x64.ActiveCfg = Debug|Any CPU
		{48D712E7-7654-4104-89F6-1C1F98DCB407}.Debug|x64.Build.0 = Debug|Any CPU
		{48D712E7-7654-4104-89F6-1C1F98DCB407}.Debug|x86.ActiveCfg = Debug|Any CPU
		{48D712E7-7654-4104-89F6-1C1F98DCB407}.Debug|x86.Build.0 = Debug|Any CPU
		{48D712E7-7654-4104-89F6-1C1F98DCB407}.Release|Any CPU.ActiveCfg = Release|Any CPU
		{48D712E7-7654-4104-89F6-1C1F98DCB407}.Release|Any CPU.Build.0 = Release|Any CPU
		{48D712E7-7654-4104-89F6-1C1F98DCB407}.Release|ARM.ActiveCfg = Release|Any CPU
		{48D712E7-7654-4104-89F6-1C1F98DCB407}.Release|ARM.Build.0 = Release|Any CPU
		{48D712E7-7654-4104-89F6-1C1F98DCB407}.Release|ARM64.ActiveCfg = Release|Any CPU
		{48D712E7-7654-4104-89F6-1C1F98DCB407}.Release|ARM64.Build.0 = Release|Any CPU
		{48D712E7-7654-4104-89F6-1C1F98DCB407}.Release|x64.ActiveCfg = Release|Any CPU
		{48D712E7-7654-4104-89F6-1C1F98DCB407}.Release|x64.Build.0 = Release|Any CPU
		{48D712E7-7654-4104-89F6-1C1F98DCB407}.Release|x86.ActiveCfg = Release|Any CPU
		{48D712E7-7654-4104-89F6-1C1F98DCB407}.Release|x86.Build.0 = Release|Any CPU
		{66473F24-6F00-4A11-B48D-500ED1AAEDA6}.Debug|Any CPU.ActiveCfg = Debug|Any CPU
		{66473F24-6F00-4A11-B48D-500ED1AAEDA6}.Debug|Any CPU.Build.0 = Debug|Any CPU
		{66473F24-6F00-4A11-B48D-500ED1AAEDA6}.Debug|ARM.ActiveCfg = Debug|Any CPU
		{66473F24-6F00-4A11-B48D-500ED1AAEDA6}.Debug|ARM.Build.0 = Debug|Any CPU
		{66473F24-6F00-4A11-B48D-500ED1AAEDA6}.Debug|ARM64.ActiveCfg = Debug|Any CPU
		{66473F24-6F00-4A11-B48D-500ED1AAEDA6}.Debug|ARM64.Build.0 = Debug|Any CPU
		{66473F24-6F00-4A11-B48D-500ED1AAEDA6}.Debug|x64.ActiveCfg = Debug|Any CPU
		{66473F24-6F00-4A11-B48D-500ED1AAEDA6}.Debug|x64.Build.0 = Debug|Any CPU
		{66473F24-6F00-4A11-B48D-500ED1AAEDA6}.Debug|x86.ActiveCfg = Debug|Any CPU
		{66473F24-6F00-4A11-B48D-500ED1AAEDA6}.Debug|x86.Build.0 = Debug|Any CPU
		{66473F24-6F00-4A11-B48D-500ED1AAEDA6}.Release|Any CPU.ActiveCfg = Release|Any CPU
		{66473F24-6F00-4A11-B48D-500ED1AAEDA6}.Release|Any CPU.Build.0 = Release|Any CPU
		{66473F24-6F00-4A11-B48D-500ED1AAEDA6}.Release|ARM.ActiveCfg = Release|Any CPU
		{66473F24-6F00-4A11-B48D-500ED1AAEDA6}.Release|ARM.Build.0 = Release|Any CPU
		{66473F24-6F00-4A11-B48D-500ED1AAEDA6}.Release|ARM64.ActiveCfg = Release|Any CPU
		{66473F24-6F00-4A11-B48D-500ED1AAEDA6}.Release|ARM64.Build.0 = Release|Any CPU
		{66473F24-6F00-4A11-B48D-500ED1AAEDA6}.Release|x64.ActiveCfg = Release|Any CPU
		{66473F24-6F00-4A11-B48D-500ED1AAEDA6}.Release|x64.Build.0 = Release|Any CPU
		{66473F24-6F00-4A11-B48D-500ED1AAEDA6}.Release|x86.ActiveCfg = Release|Any CPU
		{66473F24-6F00-4A11-B48D-500ED1AAEDA6}.Release|x86.Build.0 = Release|Any CPU
		{18F8478D-6BC0-4A2D-B2C5-4EFF96E1EB48}.Debug|Any CPU.ActiveCfg = Debug|Any CPU
		{18F8478D-6BC0-4A2D-B2C5-4EFF96E1EB48}.Debug|Any CPU.Build.0 = Debug|Any CPU
		{18F8478D-6BC0-4A2D-B2C5-4EFF96E1EB48}.Debug|ARM.ActiveCfg = Debug|Any CPU
		{18F8478D-6BC0-4A2D-B2C5-4EFF96E1EB48}.Debug|ARM.Build.0 = Debug|Any CPU
		{18F8478D-6BC0-4A2D-B2C5-4EFF96E1EB48}.Debug|ARM64.ActiveCfg = Debug|Any CPU
		{18F8478D-6BC0-4A2D-B2C5-4EFF96E1EB48}.Debug|ARM64.Build.0 = Debug|Any CPU
		{18F8478D-6BC0-4A2D-B2C5-4EFF96E1EB48}.Debug|x64.ActiveCfg = Debug|Any CPU
		{18F8478D-6BC0-4A2D-B2C5-4EFF96E1EB48}.Debug|x64.Build.0 = Debug|Any CPU
		{18F8478D-6BC0-4A2D-B2C5-4EFF96E1EB48}.Debug|x86.ActiveCfg = Debug|Any CPU
		{18F8478D-6BC0-4A2D-B2C5-4EFF96E1EB48}.Debug|x86.Build.0 = Debug|Any CPU
		{18F8478D-6BC0-4A2D-B2C5-4EFF96E1EB48}.Release|Any CPU.ActiveCfg = Release|Any CPU
		{18F8478D-6BC0-4A2D-B2C5-4EFF96E1EB48}.Release|Any CPU.Build.0 = Release|Any CPU
		{18F8478D-6BC0-4A2D-B2C5-4EFF96E1EB48}.Release|ARM.ActiveCfg = Release|Any CPU
		{18F8478D-6BC0-4A2D-B2C5-4EFF96E1EB48}.Release|ARM.Build.0 = Release|Any CPU
		{18F8478D-6BC0-4A2D-B2C5-4EFF96E1EB48}.Release|ARM64.ActiveCfg = Release|Any CPU
		{18F8478D-6BC0-4A2D-B2C5-4EFF96E1EB48}.Release|ARM64.Build.0 = Release|Any CPU
		{18F8478D-6BC0-4A2D-B2C5-4EFF96E1EB48}.Release|x64.ActiveCfg = Release|Any CPU
		{18F8478D-6BC0-4A2D-B2C5-4EFF96E1EB48}.Release|x64.Build.0 = Release|Any CPU
		{18F8478D-6BC0-4A2D-B2C5-4EFF96E1EB48}.Release|x86.ActiveCfg = Release|Any CPU
		{18F8478D-6BC0-4A2D-B2C5-4EFF96E1EB48}.Release|x86.Build.0 = Release|Any CPU
		{5A80B70E-B2C1-4820-BE78-34C8760570C6}.Debug|Any CPU.ActiveCfg = Debug|Any CPU
		{5A80B70E-B2C1-4820-BE78-34C8760570C6}.Debug|Any CPU.Build.0 = Debug|Any CPU
		{5A80B70E-B2C1-4820-BE78-34C8760570C6}.Debug|ARM.ActiveCfg = Debug|Any CPU
		{5A80B70E-B2C1-4820-BE78-34C8760570C6}.Debug|ARM.Build.0 = Debug|Any CPU
		{5A80B70E-B2C1-4820-BE78-34C8760570C6}.Debug|ARM64.ActiveCfg = Debug|Any CPU
		{5A80B70E-B2C1-4820-BE78-34C8760570C6}.Debug|ARM64.Build.0 = Debug|Any CPU
		{5A80B70E-B2C1-4820-BE78-34C8760570C6}.Debug|x64.ActiveCfg = Debug|Any CPU
		{5A80B70E-B2C1-4820-BE78-34C8760570C6}.Debug|x64.Build.0 = Debug|Any CPU
		{5A80B70E-B2C1-4820-BE78-34C8760570C6}.Debug|x86.ActiveCfg = Debug|Any CPU
		{5A80B70E-B2C1-4820-BE78-34C8760570C6}.Debug|x86.Build.0 = Debug|Any CPU
		{5A80B70E-B2C1-4820-BE78-34C8760570C6}.Release|Any CPU.ActiveCfg = Release|Any CPU
		{5A80B70E-B2C1-4820-BE78-34C8760570C6}.Release|Any CPU.Build.0 = Release|Any CPU
		{5A80B70E-B2C1-4820-BE78-34C8760570C6}.Release|ARM.ActiveCfg = Release|Any CPU
		{5A80B70E-B2C1-4820-BE78-34C8760570C6}.Release|ARM.Build.0 = Release|Any CPU
		{5A80B70E-B2C1-4820-BE78-34C8760570C6}.Release|ARM64.ActiveCfg = Release|Any CPU
		{5A80B70E-B2C1-4820-BE78-34C8760570C6}.Release|ARM64.Build.0 = Release|Any CPU
		{5A80B70E-B2C1-4820-BE78-34C8760570C6}.Release|x64.ActiveCfg = Release|Any CPU
		{5A80B70E-B2C1-4820-BE78-34C8760570C6}.Release|x64.Build.0 = Release|Any CPU
		{5A80B70E-B2C1-4820-BE78-34C8760570C6}.Release|x86.ActiveCfg = Release|Any CPU
		{5A80B70E-B2C1-4820-BE78-34C8760570C6}.Release|x86.Build.0 = Release|Any CPU
		{889D7132-88F9-4254-9640-1E38ED419184}.Debug|Any CPU.ActiveCfg = Debug|Any CPU
		{889D7132-88F9-4254-9640-1E38ED419184}.Debug|Any CPU.Build.0 = Debug|Any CPU
		{889D7132-88F9-4254-9640-1E38ED419184}.Debug|ARM.ActiveCfg = Debug|ARM
		{889D7132-88F9-4254-9640-1E38ED419184}.Debug|ARM.Build.0 = Debug|ARM
		{889D7132-88F9-4254-9640-1E38ED419184}.Debug|ARM64.ActiveCfg = Debug|ARM64
		{889D7132-88F9-4254-9640-1E38ED419184}.Debug|ARM64.Build.0 = Debug|ARM64
		{889D7132-88F9-4254-9640-1E38ED419184}.Debug|x64.ActiveCfg = Debug|x64
		{889D7132-88F9-4254-9640-1E38ED419184}.Debug|x64.Build.0 = Debug|x64
		{889D7132-88F9-4254-9640-1E38ED419184}.Debug|x86.ActiveCfg = Debug|x86
		{889D7132-88F9-4254-9640-1E38ED419184}.Debug|x86.Build.0 = Debug|x86
		{889D7132-88F9-4254-9640-1E38ED419184}.Release|Any CPU.ActiveCfg = Release|Any CPU
		{889D7132-88F9-4254-9640-1E38ED419184}.Release|Any CPU.Build.0 = Release|Any CPU
		{889D7132-88F9-4254-9640-1E38ED419184}.Release|ARM.ActiveCfg = Release|ARM
		{889D7132-88F9-4254-9640-1E38ED419184}.Release|ARM.Build.0 = Release|ARM
		{889D7132-88F9-4254-9640-1E38ED419184}.Release|ARM64.ActiveCfg = Release|ARM64
		{889D7132-88F9-4254-9640-1E38ED419184}.Release|ARM64.Build.0 = Release|ARM64
		{889D7132-88F9-4254-9640-1E38ED419184}.Release|x64.ActiveCfg = Release|x64
		{889D7132-88F9-4254-9640-1E38ED419184}.Release|x64.Build.0 = Release|x64
		{889D7132-88F9-4254-9640-1E38ED419184}.Release|x86.ActiveCfg = Release|x86
		{889D7132-88F9-4254-9640-1E38ED419184}.Release|x86.Build.0 = Release|x86
		{3B7DEEAD-1999-4E9C-AC6D-832FEBD4C213}.Debug|Any CPU.ActiveCfg = Debug|Any CPU
		{3B7DEEAD-1999-4E9C-AC6D-832FEBD4C213}.Debug|Any CPU.Build.0 = Debug|Any CPU
		{3B7DEEAD-1999-4E9C-AC6D-832FEBD4C213}.Debug|ARM.ActiveCfg = Debug|Any CPU
		{3B7DEEAD-1999-4E9C-AC6D-832FEBD4C213}.Debug|ARM.Build.0 = Debug|Any CPU
		{3B7DEEAD-1999-4E9C-AC6D-832FEBD4C213}.Debug|ARM64.ActiveCfg = Debug|Any CPU
		{3B7DEEAD-1999-4E9C-AC6D-832FEBD4C213}.Debug|ARM64.Build.0 = Debug|Any CPU
		{3B7DEEAD-1999-4E9C-AC6D-832FEBD4C213}.Debug|x64.ActiveCfg = Debug|Any CPU
		{3B7DEEAD-1999-4E9C-AC6D-832FEBD4C213}.Debug|x64.Build.0 = Debug|Any CPU
		{3B7DEEAD-1999-4E9C-AC6D-832FEBD4C213}.Debug|x86.ActiveCfg = Debug|Any CPU
		{3B7DEEAD-1999-4E9C-AC6D-832FEBD4C213}.Debug|x86.Build.0 = Debug|Any CPU
		{3B7DEEAD-1999-4E9C-AC6D-832FEBD4C213}.Release|Any CPU.ActiveCfg = Release|Any CPU
		{3B7DEEAD-1999-4E9C-AC6D-832FEBD4C213}.Release|Any CPU.Build.0 = Release|Any CPU
		{3B7DEEAD-1999-4E9C-AC6D-832FEBD4C213}.Release|ARM.ActiveCfg = Release|Any CPU
		{3B7DEEAD-1999-4E9C-AC6D-832FEBD4C213}.Release|ARM.Build.0 = Release|Any CPU
		{3B7DEEAD-1999-4E9C-AC6D-832FEBD4C213}.Release|ARM64.ActiveCfg = Release|Any CPU
		{3B7DEEAD-1999-4E9C-AC6D-832FEBD4C213}.Release|ARM64.Build.0 = Release|Any CPU
		{3B7DEEAD-1999-4E9C-AC6D-832FEBD4C213}.Release|x64.ActiveCfg = Release|Any CPU
		{3B7DEEAD-1999-4E9C-AC6D-832FEBD4C213}.Release|x64.Build.0 = Release|Any CPU
		{3B7DEEAD-1999-4E9C-AC6D-832FEBD4C213}.Release|x86.ActiveCfg = Release|Any CPU
		{3B7DEEAD-1999-4E9C-AC6D-832FEBD4C213}.Release|x86.Build.0 = Release|Any CPU
		{A8D0162A-4A08-40B0-91D5-E5290C1E8A0D}.Debug|Any CPU.ActiveCfg = Debug|Any CPU
		{A8D0162A-4A08-40B0-91D5-E5290C1E8A0D}.Debug|Any CPU.Build.0 = Debug|Any CPU
		{A8D0162A-4A08-40B0-91D5-E5290C1E8A0D}.Debug|ARM.ActiveCfg = Debug|ARM
		{A8D0162A-4A08-40B0-91D5-E5290C1E8A0D}.Debug|ARM.Build.0 = Debug|ARM
		{A8D0162A-4A08-40B0-91D5-E5290C1E8A0D}.Debug|ARM64.ActiveCfg = Debug|ARM64
		{A8D0162A-4A08-40B0-91D5-E5290C1E8A0D}.Debug|ARM64.Build.0 = Debug|ARM64
		{A8D0162A-4A08-40B0-91D5-E5290C1E8A0D}.Debug|x64.ActiveCfg = Debug|x64
		{A8D0162A-4A08-40B0-91D5-E5290C1E8A0D}.Debug|x64.Build.0 = Debug|x64
		{A8D0162A-4A08-40B0-91D5-E5290C1E8A0D}.Debug|x86.ActiveCfg = Debug|x86
		{A8D0162A-4A08-40B0-91D5-E5290C1E8A0D}.Debug|x86.Build.0 = Debug|x86
		{A8D0162A-4A08-40B0-91D5-E5290C1E8A0D}.Release|Any CPU.ActiveCfg = Release|Any CPU
		{A8D0162A-4A08-40B0-91D5-E5290C1E8A0D}.Release|Any CPU.Build.0 = Release|Any CPU
		{A8D0162A-4A08-40B0-91D5-E5290C1E8A0D}.Release|ARM.ActiveCfg = Release|ARM
		{A8D0162A-4A08-40B0-91D5-E5290C1E8A0D}.Release|ARM.Build.0 = Release|ARM
		{A8D0162A-4A08-40B0-91D5-E5290C1E8A0D}.Release|ARM64.ActiveCfg = Release|ARM64
		{A8D0162A-4A08-40B0-91D5-E5290C1E8A0D}.Release|ARM64.Build.0 = Release|ARM64
		{A8D0162A-4A08-40B0-91D5-E5290C1E8A0D}.Release|x64.ActiveCfg = Release|x64
		{A8D0162A-4A08-40B0-91D5-E5290C1E8A0D}.Release|x64.Build.0 = Release|x64
		{A8D0162A-4A08-40B0-91D5-E5290C1E8A0D}.Release|x86.ActiveCfg = Release|x86
		{A8D0162A-4A08-40B0-91D5-E5290C1E8A0D}.Release|x86.Build.0 = Release|x86
		{26C2906F-D317-4994-9C72-CCA2CCFDE49C}.Debug|Any CPU.ActiveCfg = Debug|Any CPU
		{26C2906F-D317-4994-9C72-CCA2CCFDE49C}.Debug|Any CPU.Build.0 = Debug|Any CPU
		{26C2906F-D317-4994-9C72-CCA2CCFDE49C}.Debug|ARM.ActiveCfg = Debug|Any CPU
		{26C2906F-D317-4994-9C72-CCA2CCFDE49C}.Debug|ARM.Build.0 = Debug|Any CPU
		{26C2906F-D317-4994-9C72-CCA2CCFDE49C}.Debug|ARM64.ActiveCfg = Debug|Any CPU
		{26C2906F-D317-4994-9C72-CCA2CCFDE49C}.Debug|ARM64.Build.0 = Debug|Any CPU
		{26C2906F-D317-4994-9C72-CCA2CCFDE49C}.Debug|x64.ActiveCfg = Debug|Any CPU
		{26C2906F-D317-4994-9C72-CCA2CCFDE49C}.Debug|x64.Build.0 = Debug|Any CPU
		{26C2906F-D317-4994-9C72-CCA2CCFDE49C}.Debug|x86.ActiveCfg = Debug|Any CPU
		{26C2906F-D317-4994-9C72-CCA2CCFDE49C}.Debug|x86.Build.0 = Debug|Any CPU
		{26C2906F-D317-4994-9C72-CCA2CCFDE49C}.Release|Any CPU.ActiveCfg = Release|Any CPU
		{26C2906F-D317-4994-9C72-CCA2CCFDE49C}.Release|Any CPU.Build.0 = Release|Any CPU
		{26C2906F-D317-4994-9C72-CCA2CCFDE49C}.Release|ARM.ActiveCfg = Release|Any CPU
		{26C2906F-D317-4994-9C72-CCA2CCFDE49C}.Release|ARM.Build.0 = Release|Any CPU
		{26C2906F-D317-4994-9C72-CCA2CCFDE49C}.Release|ARM64.ActiveCfg = Release|Any CPU
		{26C2906F-D317-4994-9C72-CCA2CCFDE49C}.Release|ARM64.Build.0 = Release|Any CPU
		{26C2906F-D317-4994-9C72-CCA2CCFDE49C}.Release|x64.ActiveCfg = Release|Any CPU
		{26C2906F-D317-4994-9C72-CCA2CCFDE49C}.Release|x64.Build.0 = Release|Any CPU
		{26C2906F-D317-4994-9C72-CCA2CCFDE49C}.Release|x86.ActiveCfg = Release|Any CPU
		{26C2906F-D317-4994-9C72-CCA2CCFDE49C}.Release|x86.Build.0 = Release|Any CPU
	EndGlobalSection
	GlobalSection(SolutionProperties) = preSolution
		HideSolutionNode = FALSE
	EndGlobalSection
	GlobalSection(NestedProjects) = preSolution
		{48D712E7-7654-4104-89F6-1C1F98DCB407} = {28D0112E-BF12-4D2E-8B0E-38178FAAEC70}
		{66473F24-6F00-4A11-B48D-500ED1AAEDA6} = {28D0112E-BF12-4D2E-8B0E-38178FAAEC70}
		{18F8478D-6BC0-4A2D-B2C5-4EFF96E1EB48} = {6F1804E6-2965-4BA3-B5A8-3CB704D34A54}
		{5A80B70E-B2C1-4820-BE78-34C8760570C6} = {6F1804E6-2965-4BA3-B5A8-3CB704D34A54}
		{889D7132-88F9-4254-9640-1E38ED419184} = {6A8E37B7-598F-409C-B2C5-AEDFCC8FFC06}
		{A8D0162A-4A08-40B0-91D5-E5290C1E8A0D} = {6A8E37B7-598F-409C-B2C5-AEDFCC8FFC06}
		{26C2906F-D317-4994-9C72-CCA2CCFDE49C} = {D5248E95-58C0-4BD8-ADDE-5B5129027D6C}
	EndGlobalSection
	GlobalSection(ExtensibilityGlobals) = postSolution
		SolutionGuid = {29DED936-8A8F-43AC-9B34-2E248FF050F0}
	EndGlobalSection
EndGlobal
