
Microsoft Visual Studio Solution File, Format Version 12.00
# Visual Studio Version 16
VisualStudioVersion = 16.0.29311.281
MinimumVisualStudioVersion = 10.0.40219.1
Project("{9A19103F-16F7-4668-BE54-9A1E7A4F7556}") = "Zafiro.Core", "Zafiro.Core\Zafiro.Core.csproj", "{48D712E7-7654-4104-89F6-1C1F98DCB407}"
EndProject
Project("{9A19103F-16F7-4668-BE54-9A1E7A4F7556}") = "Zafiro.Avalonia", "Zafiro.Avalonia\Zafiro.Avalonia.csproj", "{18F8478D-6BC0-4A2D-B2C5-4EFF96E1EB48}"
EndProject
Project("{9A19103F-16F7-4668-BE54-9A1E7A4F7556}") = "Zafiro.Avalonia.Design", "Zafiro.Avalonia.Design\Zafiro.Avalonia.Design.csproj", "{5A80B70E-B2C1-4820-BE78-34C8760570C6}"
EndProject
Project("{9A19103F-16F7-4668-BE54-9A1E7A4F7556}") = "Zafiro.Uno", "Zafiro.Uno\Zafiro.Uno.csproj", "{1A008D4C-2C24-43DB-9059-D57A3F1FE640}"
EndProject
Project("{FAE04EC0-301F-11D3-BF4B-00C04F79EFBC}") = "Zafiro.Wpf", "Zafiro.Wpf\Zafiro.Wpf.csproj", "{0F24E550-CA98-493C-A829-F34F8AD85BFD}"
EndProject
Project("{FAE04EC0-301F-11D3-BF4B-00C04F79EFBC}") = "Markdown.Xaml", "Markdown.XAML\src\Markdown.Xaml\Markdown.Xaml.csproj", "{EF4EA04A-2F25-450A-8F7B-029CD5A02BE0}"
EndProject
Global
	GlobalSection(SolutionConfigurationPlatforms) = preSolution
		Analysis|Any CPU = Analysis|Any CPU
		Analysis|ARM = Analysis|ARM
		Analysis|ARM64 = Analysis|ARM64
		Analysis|x64 = Analysis|x64
		Analysis|x86 = Analysis|x86
		Debug|Any CPU = Debug|Any CPU
		Debug|ARM = Debug|ARM
		Debug|ARM64 = Debug|ARM64
		Debug|x64 = Debug|x64
		Debug|x86 = Debug|x86
		Release|Any CPU = Release|Any CPU
		Release|ARM = Release|ARM
		Release|ARM64 = Release|ARM64
		Release|x64 = Release|x64
		Release|x86 = Release|x86
	EndGlobalSection
	GlobalSection(ProjectConfigurationPlatforms) = postSolution
		{48D712E7-7654-4104-89F6-1C1F98DCB407}.Analysis|Any CPU.ActiveCfg = Release|Any CPU
		{48D712E7-7654-4104-89F6-1C1F98DCB407}.Analysis|Any CPU.Build.0 = Release|Any CPU
		{48D712E7-7654-4104-89F6-1C1F98DCB407}.Analysis|ARM.ActiveCfg = Release|Any CPU
		{48D712E7-7654-4104-89F6-1C1F98DCB407}.Analysis|ARM.Build.0 = Release|Any CPU
		{48D712E7-7654-4104-89F6-1C1F98DCB407}.Analysis|ARM64.ActiveCfg = Release|Any CPU
		{48D712E7-7654-4104-89F6-1C1F98DCB407}.Analysis|ARM64.Build.0 = Release|Any CPU
		{48D712E7-7654-4104-89F6-1C1F98DCB407}.Analysis|x64.ActiveCfg = Release|Any CPU
		{48D712E7-7654-4104-89F6-1C1F98DCB407}.Analysis|x64.Build.0 = Release|Any CPU
		{48D712E7-7654-4104-89F6-1C1F98DCB407}.Analysis|x86.ActiveCfg = Release|Any CPU
		{48D712E7-7654-4104-89F6-1C1F98DCB407}.Analysis|x86.Build.0 = Release|Any CPU
		{48D712E7-7654-4104-89F6-1C1F98DCB407}.Debug|Any CPU.ActiveCfg = Debug|Any CPU
		{48D712E7-7654-4104-89F6-1C1F98DCB407}.Debug|Any CPU.Build.0 = Debug|Any CPU
		{48D712E7-7654-4104-89F6-1C1F98DCB407}.Debug|ARM.ActiveCfg = Debug|Any CPU
		{48D712E7-7654-4104-89F6-1C1F98DCB407}.Debug|ARM.Build.0 = Debug|Any CPU
		{48D712E7-7654-4104-89F6-1C1F98DCB407}.Debug|ARM64.ActiveCfg = Debug|Any CPU
		{48D712E7-7654-4104-89F6-1C1F98DCB407}.Debug|ARM64.Build.0 = Debug|Any CPU
		{48D712E7-7654-4104-89F6-1C1F98DCB407}.Debug|x64.ActiveCfg = Debug|Any CPU
		{48D712E7-7654-4104-89F6-1C1F98DCB407}.Debug|x64.Build.0 = Debug|Any CPU
		{48D712E7-7654-4104-89F6-1C1F98DCB407}.Debug|x86.ActiveCfg = Debug|Any CPU
		{48D712E7-7654-4104-89F6-1C1F98DCB407}.Debug|x86.Build.0 = Debug|Any CPU
		{48D712E7-7654-4104-89F6-1C1F98DCB407}.Release|Any CPU.ActiveCfg = Release|Any CPU
		{48D712E7-7654-4104-89F6-1C1F98DCB407}.Release|Any CPU.Build.0 = Release|Any CPU
		{48D712E7-7654-4104-89F6-1C1F98DCB407}.Release|ARM.ActiveCfg = Release|Any CPU
		{48D712E7-7654-4104-89F6-1C1F98DCB407}.Release|ARM.Build.0 = Release|Any CPU
		{48D712E7-7654-4104-89F6-1C1F98DCB407}.Release|ARM64.ActiveCfg = Release|Any CPU
		{48D712E7-7654-4104-89F6-1C1F98DCB407}.Release|ARM64.Build.0 = Release|Any CPU
		{48D712E7-7654-4104-89F6-1C1F98DCB407}.Release|x64.ActiveCfg = Release|Any CPU
		{48D712E7-7654-4104-89F6-1C1F98DCB407}.Release|x64.Build.0 = Release|Any CPU
		{48D712E7-7654-4104-89F6-1C1F98DCB407}.Release|x86.ActiveCfg = Release|Any CPU
		{48D712E7-7654-4104-89F6-1C1F98DCB407}.Release|x86.Build.0 = Release|Any CPU
		{18F8478D-6BC0-4A2D-B2C5-4EFF96E1EB48}.Analysis|Any CPU.ActiveCfg = Release|Any CPU
		{18F8478D-6BC0-4A2D-B2C5-4EFF96E1EB48}.Analysis|Any CPU.Build.0 = Release|Any CPU
		{18F8478D-6BC0-4A2D-B2C5-4EFF96E1EB48}.Analysis|ARM.ActiveCfg = Release|Any CPU
		{18F8478D-6BC0-4A2D-B2C5-4EFF96E1EB48}.Analysis|ARM.Build.0 = Release|Any CPU
		{18F8478D-6BC0-4A2D-B2C5-4EFF96E1EB48}.Analysis|ARM64.ActiveCfg = Release|Any CPU
		{18F8478D-6BC0-4A2D-B2C5-4EFF96E1EB48}.Analysis|ARM64.Build.0 = Release|Any CPU
		{18F8478D-6BC0-4A2D-B2C5-4EFF96E1EB48}.Analysis|x64.ActiveCfg = Release|Any CPU
		{18F8478D-6BC0-4A2D-B2C5-4EFF96E1EB48}.Analysis|x64.Build.0 = Release|Any CPU
		{18F8478D-6BC0-4A2D-B2C5-4EFF96E1EB48}.Analysis|x86.ActiveCfg = Release|Any CPU
		{18F8478D-6BC0-4A2D-B2C5-4EFF96E1EB48}.Analysis|x86.Build.0 = Release|Any CPU
		{18F8478D-6BC0-4A2D-B2C5-4EFF96E1EB48}.Debug|Any CPU.ActiveCfg = Debug|Any CPU
		{18F8478D-6BC0-4A2D-B2C5-4EFF96E1EB48}.Debug|Any CPU.Build.0 = Debug|Any CPU
		{18F8478D-6BC0-4A2D-B2C5-4EFF96E1EB48}.Debug|ARM.ActiveCfg = Debug|Any CPU
		{18F8478D-6BC0-4A2D-B2C5-4EFF96E1EB48}.Debug|ARM.Build.0 = Debug|Any CPU
		{18F8478D-6BC0-4A2D-B2C5-4EFF96E1EB48}.Debug|ARM64.ActiveCfg = Debug|Any CPU
		{18F8478D-6BC0-4A2D-B2C5-4EFF96E1EB48}.Debug|ARM64.Build.0 = Debug|Any CPU
		{18F8478D-6BC0-4A2D-B2C5-4EFF96E1EB48}.Debug|x64.ActiveCfg = Debug|Any CPU
		{18F8478D-6BC0-4A2D-B2C5-4EFF96E1EB48}.Debug|x64.Build.0 = Debug|Any CPU
		{18F8478D-6BC0-4A2D-B2C5-4EFF96E1EB48}.Debug|x86.ActiveCfg = Debug|Any CPU
		{18F8478D-6BC0-4A2D-B2C5-4EFF96E1EB48}.Debug|x86.Build.0 = Debug|Any CPU
		{18F8478D-6BC0-4A2D-B2C5-4EFF96E1EB48}.Release|Any CPU.ActiveCfg = Release|Any CPU
		{18F8478D-6BC0-4A2D-B2C5-4EFF96E1EB48}.Release|Any CPU.Build.0 = Release|Any CPU
		{18F8478D-6BC0-4A2D-B2C5-4EFF96E1EB48}.Release|ARM.ActiveCfg = Release|Any CPU
		{18F8478D-6BC0-4A2D-B2C5-4EFF96E1EB48}.Release|ARM.Build.0 = Release|Any CPU
		{18F8478D-6BC0-4A2D-B2C5-4EFF96E1EB48}.Release|ARM64.ActiveCfg = Release|Any CPU
		{18F8478D-6BC0-4A2D-B2C5-4EFF96E1EB48}.Release|ARM64.Build.0 = Release|Any CPU
		{18F8478D-6BC0-4A2D-B2C5-4EFF96E1EB48}.Release|x64.ActiveCfg = Release|Any CPU
		{18F8478D-6BC0-4A2D-B2C5-4EFF96E1EB48}.Release|x64.Build.0 = Release|Any CPU
		{18F8478D-6BC0-4A2D-B2C5-4EFF96E1EB48}.Release|x86.ActiveCfg = Release|Any CPU
		{18F8478D-6BC0-4A2D-B2C5-4EFF96E1EB48}.Release|x86.Build.0 = Release|Any CPU
		{5A80B70E-B2C1-4820-BE78-34C8760570C6}.Analysis|Any CPU.ActiveCfg = Release|Any CPU
		{5A80B70E-B2C1-4820-BE78-34C8760570C6}.Analysis|Any CPU.Build.0 = Release|Any CPU
		{5A80B70E-B2C1-4820-BE78-34C8760570C6}.Analysis|ARM.ActiveCfg = Release|Any CPU
		{5A80B70E-B2C1-4820-BE78-34C8760570C6}.Analysis|ARM.Build.0 = Release|Any CPU
		{5A80B70E-B2C1-4820-BE78-34C8760570C6}.Analysis|ARM64.ActiveCfg = Release|Any CPU
		{5A80B70E-B2C1-4820-BE78-34C8760570C6}.Analysis|ARM64.Build.0 = Release|Any CPU
		{5A80B70E-B2C1-4820-BE78-34C8760570C6}.Analysis|x64.ActiveCfg = Release|Any CPU
		{5A80B70E-B2C1-4820-BE78-34C8760570C6}.Analysis|x64.Build.0 = Release|Any CPU
		{5A80B70E-B2C1-4820-BE78-34C8760570C6}.Analysis|x86.ActiveCfg = Release|Any CPU
		{5A80B70E-B2C1-4820-BE78-34C8760570C6}.Analysis|x86.Build.0 = Release|Any CPU
		{5A80B70E-B2C1-4820-BE78-34C8760570C6}.Debug|Any CPU.ActiveCfg = Debug|Any CPU
		{5A80B70E-B2C1-4820-BE78-34C8760570C6}.Debug|Any CPU.Build.0 = Debug|Any CPU
		{5A80B70E-B2C1-4820-BE78-34C8760570C6}.Debug|ARM.ActiveCfg = Debug|Any CPU
		{5A80B70E-B2C1-4820-BE78-34C8760570C6}.Debug|ARM.Build.0 = Debug|Any CPU
		{5A80B70E-B2C1-4820-BE78-34C8760570C6}.Debug|ARM64.ActiveCfg = Debug|Any CPU
		{5A80B70E-B2C1-4820-BE78-34C8760570C6}.Debug|ARM64.Build.0 = Debug|Any CPU
		{5A80B70E-B2C1-4820-BE78-34C8760570C6}.Debug|x64.ActiveCfg = Debug|Any CPU
		{5A80B70E-B2C1-4820-BE78-34C8760570C6}.Debug|x64.Build.0 = Debug|Any CPU
		{5A80B70E-B2C1-4820-BE78-34C8760570C6}.Debug|x86.ActiveCfg = Debug|Any CPU
		{5A80B70E-B2C1-4820-BE78-34C8760570C6}.Debug|x86.Build.0 = Debug|Any CPU
		{5A80B70E-B2C1-4820-BE78-34C8760570C6}.Release|Any CPU.ActiveCfg = Release|Any CPU
		{5A80B70E-B2C1-4820-BE78-34C8760570C6}.Release|Any CPU.Build.0 = Release|Any CPU
		{5A80B70E-B2C1-4820-BE78-34C8760570C6}.Release|ARM.ActiveCfg = Release|Any CPU
		{5A80B70E-B2C1-4820-BE78-34C8760570C6}.Release|ARM.Build.0 = Release|Any CPU
		{5A80B70E-B2C1-4820-BE78-34C8760570C6}.Release|ARM64.ActiveCfg = Release|Any CPU
		{5A80B70E-B2C1-4820-BE78-34C8760570C6}.Release|ARM64.Build.0 = Release|Any CPU
		{5A80B70E-B2C1-4820-BE78-34C8760570C6}.Release|x64.ActiveCfg = Release|Any CPU
		{5A80B70E-B2C1-4820-BE78-34C8760570C6}.Release|x64.Build.0 = Release|Any CPU
		{5A80B70E-B2C1-4820-BE78-34C8760570C6}.Release|x86.ActiveCfg = Release|Any CPU
		{5A80B70E-B2C1-4820-BE78-34C8760570C6}.Release|x86.Build.0 = Release|Any CPU
		{1A008D4C-2C24-43DB-9059-D57A3F1FE640}.Analysis|Any CPU.ActiveCfg = Release|Any CPU
		{1A008D4C-2C24-43DB-9059-D57A3F1FE640}.Analysis|Any CPU.Build.0 = Release|Any CPU
		{1A008D4C-2C24-43DB-9059-D57A3F1FE640}.Analysis|ARM.ActiveCfg = Release|Any CPU
		{1A008D4C-2C24-43DB-9059-D57A3F1FE640}.Analysis|ARM.Build.0 = Release|Any CPU
		{1A008D4C-2C24-43DB-9059-D57A3F1FE640}.Analysis|ARM64.ActiveCfg = Release|Any CPU
		{1A008D4C-2C24-43DB-9059-D57A3F1FE640}.Analysis|ARM64.Build.0 = Release|Any CPU
		{1A008D4C-2C24-43DB-9059-D57A3F1FE640}.Analysis|x64.ActiveCfg = Release|Any CPU
		{1A008D4C-2C24-43DB-9059-D57A3F1FE640}.Analysis|x64.Build.0 = Release|Any CPU
		{1A008D4C-2C24-43DB-9059-D57A3F1FE640}.Analysis|x86.ActiveCfg = Release|Any CPU
		{1A008D4C-2C24-43DB-9059-D57A3F1FE640}.Analysis|x86.Build.0 = Release|Any CPU
		{1A008D4C-2C24-43DB-9059-D57A3F1FE640}.Debug|Any CPU.ActiveCfg = Debug|Any CPU
		{1A008D4C-2C24-43DB-9059-D57A3F1FE640}.Debug|Any CPU.Build.0 = Debug|Any CPU
		{1A008D4C-2C24-43DB-9059-D57A3F1FE640}.Debug|ARM.ActiveCfg = Debug|Any CPU
		{1A008D4C-2C24-43DB-9059-D57A3F1FE640}.Debug|ARM.Build.0 = Debug|Any CPU
		{1A008D4C-2C24-43DB-9059-D57A3F1FE640}.Debug|ARM64.ActiveCfg = Debug|Any CPU
		{1A008D4C-2C24-43DB-9059-D57A3F1FE640}.Debug|ARM64.Build.0 = Debug|Any CPU
		{1A008D4C-2C24-43DB-9059-D57A3F1FE640}.Debug|x64.ActiveCfg = Debug|Any CPU
		{1A008D4C-2C24-43DB-9059-D57A3F1FE640}.Debug|x64.Build.0 = Debug|Any CPU
		{1A008D4C-2C24-43DB-9059-D57A3F1FE640}.Debug|x86.ActiveCfg = Debug|Any CPU
		{1A008D4C-2C24-43DB-9059-D57A3F1FE640}.Debug|x86.Build.0 = Debug|Any CPU
		{1A008D4C-2C24-43DB-9059-D57A3F1FE640}.Release|Any CPU.ActiveCfg = Release|Any CPU
		{1A008D4C-2C24-43DB-9059-D57A3F1FE640}.Release|Any CPU.Build.0 = Release|Any CPU
		{1A008D4C-2C24-43DB-9059-D57A3F1FE640}.Release|ARM.ActiveCfg = Release|Any CPU
		{1A008D4C-2C24-43DB-9059-D57A3F1FE640}.Release|ARM.Build.0 = Release|Any CPU
		{1A008D4C-2C24-43DB-9059-D57A3F1FE640}.Release|ARM64.ActiveCfg = Release|Any CPU
		{1A008D4C-2C24-43DB-9059-D57A3F1FE640}.Release|ARM64.Build.0 = Release|Any CPU
		{1A008D4C-2C24-43DB-9059-D57A3F1FE640}.Release|x64.ActiveCfg = Release|Any CPU
		{1A008D4C-2C24-43DB-9059-D57A3F1FE640}.Release|x64.Build.0 = Release|Any CPU
		{1A008D4C-2C24-43DB-9059-D57A3F1FE640}.Release|x86.ActiveCfg = Release|Any CPU
		{1A008D4C-2C24-43DB-9059-D57A3F1FE640}.Release|x86.Build.0 = Release|Any CPU
		{0F24E550-CA98-493C-A829-F34F8AD85BFD}.Analysis|Any CPU.ActiveCfg = Release|Any CPU
		{0F24E550-CA98-493C-A829-F34F8AD85BFD}.Analysis|Any CPU.Build.0 = Release|Any CPU
		{0F24E550-CA98-493C-A829-F34F8AD85BFD}.Analysis|ARM.ActiveCfg = Release|Any CPU
		{0F24E550-CA98-493C-A829-F34F8AD85BFD}.Analysis|ARM.Build.0 = Release|Any CPU
		{0F24E550-CA98-493C-A829-F34F8AD85BFD}.Analysis|ARM64.ActiveCfg = Release|Any CPU
		{0F24E550-CA98-493C-A829-F34F8AD85BFD}.Analysis|ARM64.Build.0 = Release|Any CPU
		{0F24E550-CA98-493C-A829-F34F8AD85BFD}.Analysis|x64.ActiveCfg = Release|Any CPU
		{0F24E550-CA98-493C-A829-F34F8AD85BFD}.Analysis|x64.Build.0 = Release|Any CPU
		{0F24E550-CA98-493C-A829-F34F8AD85BFD}.Analysis|x86.ActiveCfg = Release|Any CPU
		{0F24E550-CA98-493C-A829-F34F8AD85BFD}.Analysis|x86.Build.0 = Release|Any CPU
		{0F24E550-CA98-493C-A829-F34F8AD85BFD}.Debug|Any CPU.ActiveCfg = Debug|Any CPU
		{0F24E550-CA98-493C-A829-F34F8AD85BFD}.Debug|Any CPU.Build.0 = Debug|Any CPU
		{0F24E550-CA98-493C-A829-F34F8AD85BFD}.Debug|ARM.ActiveCfg = Debug|Any CPU
		{0F24E550-CA98-493C-A829-F34F8AD85BFD}.Debug|ARM.Build.0 = Debug|Any CPU
		{0F24E550-CA98-493C-A829-F34F8AD85BFD}.Debug|ARM64.ActiveCfg = Debug|Any CPU
		{0F24E550-CA98-493C-A829-F34F8AD85BFD}.Debug|ARM64.Build.0 = Debug|Any CPU
		{0F24E550-CA98-493C-A829-F34F8AD85BFD}.Debug|x64.ActiveCfg = Debug|Any CPU
		{0F24E550-CA98-493C-A829-F34F8AD85BFD}.Debug|x64.Build.0 = Debug|Any CPU
		{0F24E550-CA98-493C-A829-F34F8AD85BFD}.Debug|x86.ActiveCfg = Debug|Any CPU
		{0F24E550-CA98-493C-A829-F34F8AD85BFD}.Debug|x86.Build.0 = Debug|Any CPU
		{0F24E550-CA98-493C-A829-F34F8AD85BFD}.Release|Any CPU.ActiveCfg = Release|Any CPU
		{0F24E550-CA98-493C-A829-F34F8AD85BFD}.Release|Any CPU.Build.0 = Release|Any CPU
		{0F24E550-CA98-493C-A829-F34F8AD85BFD}.Release|ARM.ActiveCfg = Release|Any CPU
		{0F24E550-CA98-493C-A829-F34F8AD85BFD}.Release|ARM.Build.0 = Release|Any CPU
		{0F24E550-CA98-493C-A829-F34F8AD85BFD}.Release|ARM64.ActiveCfg = Release|Any CPU
		{0F24E550-CA98-493C-A829-F34F8AD85BFD}.Release|ARM64.Build.0 = Release|Any CPU
		{0F24E550-CA98-493C-A829-F34F8AD85BFD}.Release|x64.ActiveCfg = Release|Any CPU
		{0F24E550-CA98-493C-A829-F34F8AD85BFD}.Release|x64.Build.0 = Release|Any CPU
		{0F24E550-CA98-493C-A829-F34F8AD85BFD}.Release|x86.ActiveCfg = Release|Any CPU
		{0F24E550-CA98-493C-A829-F34F8AD85BFD}.Release|x86.Build.0 = Release|Any CPU
		{EF4EA04A-2F25-450A-8F7B-029CD5A02BE0}.Analysis|Any CPU.ActiveCfg = Analysis|Any CPU
		{EF4EA04A-2F25-450A-8F7B-029CD5A02BE0}.Analysis|Any CPU.Build.0 = Analysis|Any CPU
		{EF4EA04A-2F25-450A-8F7B-029CD5A02BE0}.Analysis|ARM.ActiveCfg = Analysis|Any CPU
		{EF4EA04A-2F25-450A-8F7B-029CD5A02BE0}.Analysis|ARM.Build.0 = Analysis|Any CPU
		{EF4EA04A-2F25-450A-8F7B-029CD5A02BE0}.Analysis|ARM64.ActiveCfg = Analysis|Any CPU
		{EF4EA04A-2F25-450A-8F7B-029CD5A02BE0}.Analysis|ARM64.Build.0 = Analysis|Any CPU
		{EF4EA04A-2F25-450A-8F7B-029CD5A02BE0}.Analysis|x64.ActiveCfg = Analysis|Any CPU
		{EF4EA04A-2F25-450A-8F7B-029CD5A02BE0}.Analysis|x64.Build.0 = Analysis|Any CPU
		{EF4EA04A-2F25-450A-8F7B-029CD5A02BE0}.Analysis|x86.ActiveCfg = Analysis|Any CPU
		{EF4EA04A-2F25-450A-8F7B-029CD5A02BE0}.Analysis|x86.Build.0 = Analysis|Any CPU
		{EF4EA04A-2F25-450A-8F7B-029CD5A02BE0}.Debug|Any CPU.ActiveCfg = Debug|Any CPU
		{EF4EA04A-2F25-450A-8F7B-029CD5A02BE0}.Debug|Any CPU.Build.0 = Debug|Any CPU
		{EF4EA04A-2F25-450A-8F7B-029CD5A02BE0}.Debug|ARM.ActiveCfg = Debug|Any CPU
		{EF4EA04A-2F25-450A-8F7B-029CD5A02BE0}.Debug|ARM.Build.0 = Debug|Any CPU
		{EF4EA04A-2F25-450A-8F7B-029CD5A02BE0}.Debug|ARM64.ActiveCfg = Debug|Any CPU
		{EF4EA04A-2F25-450A-8F7B-029CD5A02BE0}.Debug|ARM64.Build.0 = Debug|Any CPU
		{EF4EA04A-2F25-450A-8F7B-029CD5A02BE0}.Debug|x64.ActiveCfg = Debug|Any CPU
		{EF4EA04A-2F25-450A-8F7B-029CD5A02BE0}.Debug|x64.Build.0 = Debug|Any CPU
		{EF4EA04A-2F25-450A-8F7B-029CD5A02BE0}.Debug|x86.ActiveCfg = Debug|Any CPU
		{EF4EA04A-2F25-450A-8F7B-029CD5A02BE0}.Debug|x86.Build.0 = Debug|Any CPU
		{EF4EA04A-2F25-450A-8F7B-029CD5A02BE0}.Release|Any CPU.ActiveCfg = Release|Any CPU
		{EF4EA04A-2F25-450A-8F7B-029CD5A02BE0}.Release|Any CPU.Build.0 = Release|Any CPU
		{EF4EA04A-2F25-450A-8F7B-029CD5A02BE0}.Release|ARM.ActiveCfg = Release|Any CPU
		{EF4EA04A-2F25-450A-8F7B-029CD5A02BE0}.Release|ARM.Build.0 = Release|Any CPU
		{EF4EA04A-2F25-450A-8F7B-029CD5A02BE0}.Release|ARM64.ActiveCfg = Release|Any CPU
		{EF4EA04A-2F25-450A-8F7B-029CD5A02BE0}.Release|ARM64.Build.0 = Release|Any CPU
		{EF4EA04A-2F25-450A-8F7B-029CD5A02BE0}.Release|x64.ActiveCfg = Release|Any CPU
		{EF4EA04A-2F25-450A-8F7B-029CD5A02BE0}.Release|x64.Build.0 = Release|Any CPU
		{EF4EA04A-2F25-450A-8F7B-029CD5A02BE0}.Release|x86.ActiveCfg = Release|Any CPU
		{EF4EA04A-2F25-450A-8F7B-029CD5A02BE0}.Release|x86.Build.0 = Release|Any CPU
	EndGlobalSection
	GlobalSection(SolutionProperties) = preSolution
		HideSolutionNode = FALSE
	EndGlobalSection
	GlobalSection(ExtensibilityGlobals) = postSolution
		SolutionGuid = {29DED936-8A8F-43AC-9B34-2E248FF050F0}
	EndGlobalSection
EndGlobal
